// !$*UTF8*$!
{
	archiveVersion = 1;
	classes = {
	};
	objectVersion = 46;
	objects = {

/* Begin PBXBuildFile section */
		82201BB81ABE9E1C004DA4E8 /* loginViewController.m in Sources */ = {isa = PBXBuildFile; fileRef = 82201BB61ABE9E1C004DA4E8 /* loginViewController.m */; };
		82201BB91ABE9E1C004DA4E8 /* loginViewController.xib in Resources */ = {isa = PBXBuildFile; fileRef = 82201BB71ABE9E1C004DA4E8 /* loginViewController.xib */; };
		82201BBF1ABEBA75004DA4E8 /* API.m in Sources */ = {isa = PBXBuildFile; fileRef = 82201BBE1ABEBA75004DA4E8 /* API.m */; };
		82201BC21ABFADF6004DA4E8 /* loginModel.m in Sources */ = {isa = PBXBuildFile; fileRef = 82201BC11ABFADF6004DA4E8 /* loginModel.m */; };
		82201BCC1ABFB69D004DA4E8 /* registOne.m in Sources */ = {isa = PBXBuildFile; fileRef = 82201BCA1ABFB69D004DA4E8 /* registOne.m */; };
		82201BCD1ABFB69D004DA4E8 /* registOne.xib in Resources */ = {isa = PBXBuildFile; fileRef = 82201BCB1ABFB69D004DA4E8 /* registOne.xib */; };
		82519C041AC100E2008422D2 /* EzvizOpenSDKBundle.bundle in Resources */ = {isa = PBXBuildFile; fileRef = 82519BE71AC100E2008422D2 /* EzvizOpenSDKBundle.bundle */; };
		82519C051AC100E2008422D2 /* libEzvizRealPlay.a in Frameworks */ = {isa = PBXBuildFile; fileRef = 82519BE81AC100E2008422D2 /* libEzvizRealPlay.a */; };
		82519C061AC100E2008422D2 /* libPods-AFNetworking.a in Frameworks */ = {isa = PBXBuildFile; fileRef = 82519BE91AC100E2008422D2 /* libPods-AFNetworking.a */; };
		82519C071AC100E2008422D2 /* libPods-SSKeychain.a in Frameworks */ = {isa = PBXBuildFile; fileRef = 82519BEA1AC100E2008422D2 /* libPods-SSKeychain.a */; };
		82519C081AC100E2008422D2 /* libPods-ZBarSDK.a in Frameworks */ = {isa = PBXBuildFile; fileRef = 82519BEB1AC100E2008422D2 /* libPods-ZBarSDK.a */; };
		82519C0F1AC10781008422D2 /* menuView.m in Sources */ = {isa = PBXBuildFile; fileRef = 82519C0E1AC10781008422D2 /* menuView.m */; };
		8264F75A1AC3E00C009F5C72 /* commonModel.m in Sources */ = {isa = PBXBuildFile; fileRef = 8264F7591AC3E00C009F5C72 /* commonModel.m */; };
		82AABC171ABBF5590004306C /* main.m in Sources */ = {isa = PBXBuildFile; fileRef = 82AABC161ABBF5590004306C /* main.m */; };
		82AABC1A1ABBF5590004306C /* AppDelegate.m in Sources */ = {isa = PBXBuildFile; fileRef = 82AABC191ABBF5590004306C /* AppDelegate.m */; };
		82AABC1C1ABBF5590004306C /* Images.xcassets in Resources */ = {isa = PBXBuildFile; fileRef = 82AABC1B1ABBF5590004306C /* Images.xcassets */; };
		82AABC1F1ABBF5590004306C /* LaunchScreen.xib in Resources */ = {isa = PBXBuildFile; fileRef = 82AABC1D1ABBF5590004306C /* LaunchScreen.xib */; };
		82AABC2B1ABBF5590004306C /* foodsecurityTests.m in Sources */ = {isa = PBXBuildFile; fileRef = 82AABC2A1ABBF5590004306C /* foodsecurityTests.m */; };
		82AABC421ABC022E0004306C /* homeViewController.m in Sources */ = {isa = PBXBuildFile; fileRef = 82AABC401ABC022E0004306C /* homeViewController.m */; };
		82AABC431ABC022E0004306C /* homeViewController.xib in Resources */ = {isa = PBXBuildFile; fileRef = 82AABC411ABC022E0004306C /* homeViewController.xib */; };
		82AABC481ABC02A30004306C /* commonNavigation.m in Sources */ = {isa = PBXBuildFile; fileRef = 82AABC461ABC02A30004306C /* commonNavigation.m */; };
		82AABC491ABC02A30004306C /* commonNavigation.xib in Resources */ = {isa = PBXBuildFile; fileRef = 82AABC471ABC02A30004306C /* commonNavigation.xib */; };
		82AABC701ABC038A0004306C /* AFHTTPRequestOperation.m in Sources */ = {isa = PBXBuildFile; fileRef = 82AABC4C1ABC038A0004306C /* AFHTTPRequestOperation.m */; };
		82AABC711ABC038A0004306C /* AFHTTPRequestOperationManager.m in Sources */ = {isa = PBXBuildFile; fileRef = 82AABC4E1ABC038A0004306C /* AFHTTPRequestOperationManager.m */; };
		82AABC721ABC038A0004306C /* AFHTTPSessionManager.m in Sources */ = {isa = PBXBuildFile; fileRef = 82AABC501ABC038A0004306C /* AFHTTPSessionManager.m */; };
		82AABC731ABC038A0004306C /* AFNetworkReachabilityManager.m in Sources */ = {isa = PBXBuildFile; fileRef = 82AABC531ABC038A0004306C /* AFNetworkReachabilityManager.m */; };
		82AABC741ABC038A0004306C /* AFSecurityPolicy.m in Sources */ = {isa = PBXBuildFile; fileRef = 82AABC551ABC038A0004306C /* AFSecurityPolicy.m */; };
		82AABC751ABC038A0004306C /* AFURLConnectionOperation.m in Sources */ = {isa = PBXBuildFile; fileRef = 82AABC571ABC038A0004306C /* AFURLConnectionOperation.m */; };
		82AABC761ABC038A0004306C /* AFURLRequestSerialization.m in Sources */ = {isa = PBXBuildFile; fileRef = 82AABC591ABC038A0004306C /* AFURLRequestSerialization.m */; };
		82AABC771ABC038A0004306C /* AFURLResponseSerialization.m in Sources */ = {isa = PBXBuildFile; fileRef = 82AABC5B1ABC038A0004306C /* AFURLResponseSerialization.m */; };
		82AABC781ABC038A0004306C /* AFURLSessionManager.m in Sources */ = {isa = PBXBuildFile; fileRef = 82AABC5D1ABC038A0004306C /* AFURLSessionManager.m */; };
		82AABC791ABC038A0004306C /* AFNetworkActivityIndicatorManager.m in Sources */ = {isa = PBXBuildFile; fileRef = 82AABC601ABC038A0004306C /* AFNetworkActivityIndicatorManager.m */; };
		82AABC7A1ABC038A0004306C /* UIActivityIndicatorView+AFNetworking.m in Sources */ = {isa = PBXBuildFile; fileRef = 82AABC621ABC038A0004306C /* UIActivityIndicatorView+AFNetworking.m */; };
		82AABC7B1ABC038A0004306C /* UIAlertView+AFNetworking.m in Sources */ = {isa = PBXBuildFile; fileRef = 82AABC641ABC038A0004306C /* UIAlertView+AFNetworking.m */; };
		82AABC7C1ABC038A0004306C /* UIButton+AFNetworking.m in Sources */ = {isa = PBXBuildFile; fileRef = 82AABC661ABC038A0004306C /* UIButton+AFNetworking.m */; };
		82AABC7D1ABC038A0004306C /* UIImageView+AFNetworking.m in Sources */ = {isa = PBXBuildFile; fileRef = 82AABC681ABC038A0004306C /* UIImageView+AFNetworking.m */; };
		82AABC7E1ABC038A0004306C /* UIProgressView+AFNetworking.m in Sources */ = {isa = PBXBuildFile; fileRef = 82AABC6B1ABC038A0004306C /* UIProgressView+AFNetworking.m */; };
		82AABC7F1ABC038A0004306C /* UIRefreshControl+AFNetworking.m in Sources */ = {isa = PBXBuildFile; fileRef = 82AABC6D1ABC038A0004306C /* UIRefreshControl+AFNetworking.m */; };
		82AABC801ABC038A0004306C /* UIWebView+AFNetworking.m in Sources */ = {isa = PBXBuildFile; fileRef = 82AABC6F1ABC038A0004306C /* UIWebView+AFNetworking.m */; };
		82AABC841ABC0EB60004306C /* communicateViewController.m in Sources */ = {isa = PBXBuildFile; fileRef = 82AABC821ABC0EB60004306C /* communicateViewController.m */; };
		82AABC851ABC0EB60004306C /* communicateViewController.xib in Resources */ = {isa = PBXBuildFile; fileRef = 82AABC831ABC0EB60004306C /* communicateViewController.xib */; };
		82AABC891ABC0ED10004306C /* cookbookViewController.m in Sources */ = {isa = PBXBuildFile; fileRef = 82AABC871ABC0ED10004306C /* cookbookViewController.m */; };
		82AABC8A1ABC0ED10004306C /* cookbookViewController.xib in Resources */ = {isa = PBXBuildFile; fileRef = 82AABC881ABC0ED10004306C /* cookbookViewController.xib */; };
		82AABC8E1ABC0EE00004306C /* videoViewController.m in Sources */ = {isa = PBXBuildFile; fileRef = 82AABC8C1ABC0EE00004306C /* videoViewController.m */; };
		82AABC8F1ABC0EE00004306C /* videoViewController.xib in Resources */ = {isa = PBXBuildFile; fileRef = 82AABC8D1ABC0EE00004306C /* videoViewController.xib */; };
		82F645FF1AC29879004EB124 /* accountManager.m in Sources */ = {isa = PBXBuildFile; fileRef = 82F645FD1AC29879004EB124 /* accountManager.m */; };
		82F646001AC29879004EB124 /* accountManager.xib in Resources */ = {isa = PBXBuildFile; fileRef = 82F645FE1AC29879004EB124 /* accountManager.xib */; };
		82F6460D1AC394A6004EB124 /* getAccessToken.m in Sources */ = {isa = PBXBuildFile; fileRef = 82F6460C1AC394A6004EB124 /* getAccessToken.m */; };
/* End PBXBuildFile section */

/* Begin PBXContainerItemProxy section */
		82AABC251ABBF5590004306C /* PBXContainerItemProxy */ = {
			isa = PBXContainerItemProxy;
			containerPortal = 82AABC091ABBF5590004306C /* Project object */;
			proxyType = 1;
			remoteGlobalIDString = 82AABC101ABBF5590004306C;
			remoteInfo = foodsecurity;
		};
/* End PBXContainerItemProxy section */

/* Begin PBXFileReference section */
		82201BB51ABE9E1C004DA4E8 /* loginViewController.h */ = {isa = PBXFileReference; fileEncoding = 4; lastKnownFileType = sourcecode.c.h; path = loginViewController.h; sourceTree = "<group>"; };
		82201BB61ABE9E1C004DA4E8 /* loginViewController.m */ = {isa = PBXFileReference; fileEncoding = 4; lastKnownFileType = sourcecode.c.objc; path = loginViewController.m; sourceTree = "<group>"; };
		82201BB71ABE9E1C004DA4E8 /* loginViewController.xib */ = {isa = PBXFileReference; fileEncoding = 4; lastKnownFileType = file.xib; path = loginViewController.xib; sourceTree = "<group>"; };
		82201BBD1ABEBA75004DA4E8 /* API.h */ = {isa = PBXFileReference; fileEncoding = 4; lastKnownFileType = sourcecode.c.h; path = API.h; sourceTree = "<group>"; };
		82201BBE1ABEBA75004DA4E8 /* API.m */ = {isa = PBXFileReference; fileEncoding = 4; lastKnownFileType = sourcecode.c.objc; path = API.m; sourceTree = "<group>"; };
		82201BC01ABFADF6004DA4E8 /* loginModel.h */ = {isa = PBXFileReference; fileEncoding = 4; lastKnownFileType = sourcecode.c.h; path = loginModel.h; sourceTree = "<group>"; };
		82201BC11ABFADF6004DA4E8 /* loginModel.m */ = {isa = PBXFileReference; fileEncoding = 4; lastKnownFileType = sourcecode.c.objc; path = loginModel.m; sourceTree = "<group>"; };
		82201BC91ABFB69D004DA4E8 /* registOne.h */ = {isa = PBXFileReference; fileEncoding = 4; lastKnownFileType = sourcecode.c.h; path = registOne.h; sourceTree = "<group>"; };
		82201BCA1ABFB69D004DA4E8 /* registOne.m */ = {isa = PBXFileReference; fileEncoding = 4; lastKnownFileType = sourcecode.c.objc; path = registOne.m; sourceTree = "<group>"; };
		82201BCB1ABFB69D004DA4E8 /* registOne.xib */ = {isa = PBXFileReference; fileEncoding = 4; lastKnownFileType = file.xib; path = registOne.xib; sourceTree = "<group>"; };
		82519BE71AC100E2008422D2 /* EzvizOpenSDKBundle.bundle */ = {isa = PBXFileReference; lastKnownFileType = "wrapper.plug-in"; path = EzvizOpenSDKBundle.bundle; sourceTree = "<group>"; };
		82519BE81AC100E2008422D2 /* libEzvizRealPlay.a */ = {isa = PBXFileReference; lastKnownFileType = archive.ar; path = libEzvizRealPlay.a; sourceTree = "<group>"; };
		82519BE91AC100E2008422D2 /* libPods-AFNetworking.a */ = {isa = PBXFileReference; lastKnownFileType = archive.ar; path = "libPods-AFNetworking.a"; sourceTree = "<group>"; };
		82519BEA1AC100E2008422D2 /* libPods-SSKeychain.a */ = {isa = PBXFileReference; lastKnownFileType = archive.ar; path = "libPods-SSKeychain.a"; sourceTree = "<group>"; };
		82519BEB1AC100E2008422D2 /* libPods-ZBarSDK.a */ = {isa = PBXFileReference; lastKnownFileType = archive.ar; path = "libPods-ZBarSDK.a"; sourceTree = "<group>"; };
		82519BEC1AC100E2008422D2 /* NSData+AES128.h */ = {isa = PBXFileReference; fileEncoding = 4; lastKnownFileType = sourcecode.c.h; path = "NSData+AES128.h"; sourceTree = "<group>"; };
		82519BEF1AC100E2008422D2 /* SSKeychain.h */ = {isa = PBXFileReference; fileEncoding = 4; lastKnownFileType = sourcecode.c.h; path = SSKeychain.h; sourceTree = "<group>"; };
		82519BF01AC100E2008422D2 /* SSKeychainQuery.h */ = {isa = PBXFileReference; fileEncoding = 4; lastKnownFileType = sourcecode.c.h; path = SSKeychainQuery.h; sourceTree = "<group>"; };
		82519BF21AC100E2008422D2 /* config.h */ = {isa = PBXFileReference; fileEncoding = 4; lastKnownFileType = sourcecode.c.h; path = config.h; sourceTree = "<group>"; };
		82519BF31AC100E2008422D2 /* debug.h */ = {isa = PBXFileReference; fileEncoding = 4; lastKnownFileType = sourcecode.c.h; path = debug.h; sourceTree = "<group>"; };
		82519BF41AC100E2008422D2 /* zbar.h */ = {isa = PBXFileReference; fileEncoding = 4; lastKnownFileType = sourcecode.c.h; path = zbar.h; sourceTree = "<group>"; };
		82519BF51AC100E2008422D2 /* ZBarCameraSimulator.h */ = {isa = PBXFileReference; fileEncoding = 4; lastKnownFileType = sourcecode.c.h; path = ZBarCameraSimulator.h; sourceTree = "<group>"; };
		82519BF61AC100E2008422D2 /* ZBarCaptureReader.h */ = {isa = PBXFileReference; fileEncoding = 4; lastKnownFileType = sourcecode.c.h; path = ZBarCaptureReader.h; sourceTree = "<group>"; };
		82519BF71AC100E2008422D2 /* ZBarCVImage.h */ = {isa = PBXFileReference; fileEncoding = 4; lastKnownFileType = sourcecode.c.h; path = ZBarCVImage.h; sourceTree = "<group>"; };
		82519BF81AC100E2008422D2 /* ZBarHelpController.h */ = {isa = PBXFileReference; fileEncoding = 4; lastKnownFileType = sourcecode.c.h; path = ZBarHelpController.h; sourceTree = "<group>"; };
		82519BF91AC100E2008422D2 /* ZBarImage.h */ = {isa = PBXFileReference; fileEncoding = 4; lastKnownFileType = sourcecode.c.h; path = ZBarImage.h; sourceTree = "<group>"; };
		82519BFA1AC100E2008422D2 /* ZBarImageScanner.h */ = {isa = PBXFileReference; fileEncoding = 4; lastKnownFileType = sourcecode.c.h; path = ZBarImageScanner.h; sourceTree = "<group>"; };
		82519BFB1AC100E2008422D2 /* ZBarReaderController.h */ = {isa = PBXFileReference; fileEncoding = 4; lastKnownFileType = sourcecode.c.h; path = ZBarReaderController.h; sourceTree = "<group>"; };
		82519BFC1AC100E2008422D2 /* ZBarReaderView.h */ = {isa = PBXFileReference; fileEncoding = 4; lastKnownFileType = sourcecode.c.h; path = ZBarReaderView.h; sourceTree = "<group>"; };
		82519BFD1AC100E2008422D2 /* ZBarReaderViewController.h */ = {isa = PBXFileReference; fileEncoding = 4; lastKnownFileType = sourcecode.c.h; path = ZBarReaderViewController.h; sourceTree = "<group>"; };
		82519BFE1AC100E2008422D2 /* ZBarSDK.h */ = {isa = PBXFileReference; fileEncoding = 4; lastKnownFileType = sourcecode.c.h; path = ZBarSDK.h; sourceTree = "<group>"; };
		82519BFF1AC100E2008422D2 /* ZBarSymbol.h */ = {isa = PBXFileReference; fileEncoding = 4; lastKnownFileType = sourcecode.c.h; path = ZBarSymbol.h; sourceTree = "<group>"; };
		82519C001AC100E2008422D2 /* YSConstStrings.h */ = {isa = PBXFileReference; fileEncoding = 4; lastKnownFileType = sourcecode.c.h; path = YSConstStrings.h; sourceTree = "<group>"; };
		82519C011AC100E2008422D2 /* YSHTTPClient.h */ = {isa = PBXFileReference; fileEncoding = 4; lastKnownFileType = sourcecode.c.h; path = YSHTTPClient.h; sourceTree = "<group>"; };
		82519C021AC100E2008422D2 /* YSMobilePages.h */ = {isa = PBXFileReference; fileEncoding = 4; lastKnownFileType = sourcecode.c.h; path = YSMobilePages.h; sourceTree = "<group>"; };
		82519C031AC100E2008422D2 /* YSPlayerController.h */ = {isa = PBXFileReference; fileEncoding = 4; lastKnownFileType = sourcecode.c.h; path = YSPlayerController.h; sourceTree = "<group>"; };
		82519C0D1AC10781008422D2 /* menuView.h */ = {isa = PBXFileReference; fileEncoding = 4; lastKnownFileType = sourcecode.c.h; path = menuView.h; sourceTree = "<group>"; };
		82519C0E1AC10781008422D2 /* menuView.m */ = {isa = PBXFileReference; fileEncoding = 4; lastKnownFileType = sourcecode.c.objc; path = menuView.m; sourceTree = "<group>"; };
		8264F7581AC3E00C009F5C72 /* commonModel.h */ = {isa = PBXFileReference; fileEncoding = 4; lastKnownFileType = sourcecode.c.h; path = commonModel.h; sourceTree = "<group>"; };
		8264F7591AC3E00C009F5C72 /* commonModel.m */ = {isa = PBXFileReference; fileEncoding = 4; lastKnownFileType = sourcecode.c.objc; path = commonModel.m; sourceTree = "<group>"; };
		82AABC111ABBF5590004306C /* foodsecurity.app */ = {isa = PBXFileReference; explicitFileType = wrapper.application; includeInIndex = 0; path = foodsecurity.app; sourceTree = BUILT_PRODUCTS_DIR; };
		82AABC151ABBF5590004306C /* Info.plist */ = {isa = PBXFileReference; lastKnownFileType = text.plist.xml; path = Info.plist; sourceTree = "<group>"; };
		82AABC161ABBF5590004306C /* main.m */ = {isa = PBXFileReference; lastKnownFileType = sourcecode.c.objc; path = main.m; sourceTree = "<group>"; };
		82AABC181ABBF5590004306C /* AppDelegate.h */ = {isa = PBXFileReference; lastKnownFileType = sourcecode.c.h; path = AppDelegate.h; sourceTree = "<group>"; };
		82AABC191ABBF5590004306C /* AppDelegate.m */ = {isa = PBXFileReference; lastKnownFileType = sourcecode.c.objc; path = AppDelegate.m; sourceTree = "<group>"; };
		82AABC1B1ABBF5590004306C /* Images.xcassets */ = {isa = PBXFileReference; lastKnownFileType = folder.assetcatalog; path = Images.xcassets; sourceTree = "<group>"; };
		82AABC1E1ABBF5590004306C /* Base */ = {isa = PBXFileReference; lastKnownFileType = file.xib; name = Base; path = Base.lproj/LaunchScreen.xib; sourceTree = "<group>"; };
		82AABC241ABBF5590004306C /* foodsecurityTests.xctest */ = {isa = PBXFileReference; explicitFileType = wrapper.cfbundle; includeInIndex = 0; path = foodsecurityTests.xctest; sourceTree = BUILT_PRODUCTS_DIR; };
		82AABC291ABBF5590004306C /* Info.plist */ = {isa = PBXFileReference; lastKnownFileType = text.plist.xml; path = Info.plist; sourceTree = "<group>"; };
		82AABC2A1ABBF5590004306C /* foodsecurityTests.m */ = {isa = PBXFileReference; lastKnownFileType = sourcecode.c.objc; path = foodsecurityTests.m; sourceTree = "<group>"; };
		82AABC3F1ABC022E0004306C /* homeViewController.h */ = {isa = PBXFileReference; fileEncoding = 4; lastKnownFileType = sourcecode.c.h; path = homeViewController.h; sourceTree = "<group>"; };
		82AABC401ABC022E0004306C /* homeViewController.m */ = {isa = PBXFileReference; fileEncoding = 4; lastKnownFileType = sourcecode.c.objc; path = homeViewController.m; sourceTree = "<group>"; };
		82AABC411ABC022E0004306C /* homeViewController.xib */ = {isa = PBXFileReference; fileEncoding = 4; lastKnownFileType = file.xib; path = homeViewController.xib; sourceTree = "<group>"; };
		82AABC451ABC02A30004306C /* commonNavigation.h */ = {isa = PBXFileReference; fileEncoding = 4; lastKnownFileType = sourcecode.c.h; path = commonNavigation.h; sourceTree = "<group>"; };
		82AABC461ABC02A30004306C /* commonNavigation.m */ = {isa = PBXFileReference; fileEncoding = 4; lastKnownFileType = sourcecode.c.objc; path = commonNavigation.m; sourceTree = "<group>"; };
		82AABC471ABC02A30004306C /* commonNavigation.xib */ = {isa = PBXFileReference; fileEncoding = 4; lastKnownFileType = file.xib; path = commonNavigation.xib; sourceTree = "<group>"; };
		82AABC4B1ABC038A0004306C /* AFHTTPRequestOperation.h */ = {isa = PBXFileReference; fileEncoding = 4; lastKnownFileType = sourcecode.c.h; path = AFHTTPRequestOperation.h; sourceTree = "<group>"; };
		82AABC4C1ABC038A0004306C /* AFHTTPRequestOperation.m */ = {isa = PBXFileReference; fileEncoding = 4; lastKnownFileType = sourcecode.c.objc; path = AFHTTPRequestOperation.m; sourceTree = "<group>"; };
		82AABC4D1ABC038A0004306C /* AFHTTPRequestOperationManager.h */ = {isa = PBXFileReference; fileEncoding = 4; lastKnownFileType = sourcecode.c.h; path = AFHTTPRequestOperationManager.h; sourceTree = "<group>"; };
		82AABC4E1ABC038A0004306C /* AFHTTPRequestOperationManager.m */ = {isa = PBXFileReference; fileEncoding = 4; lastKnownFileType = sourcecode.c.objc; path = AFHTTPRequestOperationManager.m; sourceTree = "<group>"; };
		82AABC4F1ABC038A0004306C /* AFHTTPSessionManager.h */ = {isa = PBXFileReference; fileEncoding = 4; lastKnownFileType = sourcecode.c.h; path = AFHTTPSessionManager.h; sourceTree = "<group>"; };
		82AABC501ABC038A0004306C /* AFHTTPSessionManager.m */ = {isa = PBXFileReference; fileEncoding = 4; lastKnownFileType = sourcecode.c.objc; path = AFHTTPSessionManager.m; sourceTree = "<group>"; };
		82AABC511ABC038A0004306C /* AFNetworking.h */ = {isa = PBXFileReference; fileEncoding = 4; lastKnownFileType = sourcecode.c.h; path = AFNetworking.h; sourceTree = "<group>"; };
		82AABC521ABC038A0004306C /* AFNetworkReachabilityManager.h */ = {isa = PBXFileReference; fileEncoding = 4; lastKnownFileType = sourcecode.c.h; path = AFNetworkReachabilityManager.h; sourceTree = "<group>"; };
		82AABC531ABC038A0004306C /* AFNetworkReachabilityManager.m */ = {isa = PBXFileReference; fileEncoding = 4; lastKnownFileType = sourcecode.c.objc; path = AFNetworkReachabilityManager.m; sourceTree = "<group>"; };
		82AABC541ABC038A0004306C /* AFSecurityPolicy.h */ = {isa = PBXFileReference; fileEncoding = 4; lastKnownFileType = sourcecode.c.h; path = AFSecurityPolicy.h; sourceTree = "<group>"; };
		82AABC551ABC038A0004306C /* AFSecurityPolicy.m */ = {isa = PBXFileReference; fileEncoding = 4; lastKnownFileType = sourcecode.c.objc; path = AFSecurityPolicy.m; sourceTree = "<group>"; };
		82AABC561ABC038A0004306C /* AFURLConnectionOperation.h */ = {isa = PBXFileReference; fileEncoding = 4; lastKnownFileType = sourcecode.c.h; path = AFURLConnectionOperation.h; sourceTree = "<group>"; };
		82AABC571ABC038A0004306C /* AFURLConnectionOperation.m */ = {isa = PBXFileReference; fileEncoding = 4; lastKnownFileType = sourcecode.c.objc; path = AFURLConnectionOperation.m; sourceTree = "<group>"; };
		82AABC581ABC038A0004306C /* AFURLRequestSerialization.h */ = {isa = PBXFileReference; fileEncoding = 4; lastKnownFileType = sourcecode.c.h; path = AFURLRequestSerialization.h; sourceTree = "<group>"; };
		82AABC591ABC038A0004306C /* AFURLRequestSerialization.m */ = {isa = PBXFileReference; fileEncoding = 4; lastKnownFileType = sourcecode.c.objc; path = AFURLRequestSerialization.m; sourceTree = "<group>"; };
		82AABC5A1ABC038A0004306C /* AFURLResponseSerialization.h */ = {isa = PBXFileReference; fileEncoding = 4; lastKnownFileType = sourcecode.c.h; path = AFURLResponseSerialization.h; sourceTree = "<group>"; };
		82AABC5B1ABC038A0004306C /* AFURLResponseSerialization.m */ = {isa = PBXFileReference; fileEncoding = 4; lastKnownFileType = sourcecode.c.objc; path = AFURLResponseSerialization.m; sourceTree = "<group>"; };
		82AABC5C1ABC038A0004306C /* AFURLSessionManager.h */ = {isa = PBXFileReference; fileEncoding = 4; lastKnownFileType = sourcecode.c.h; path = AFURLSessionManager.h; sourceTree = "<group>"; };
		82AABC5D1ABC038A0004306C /* AFURLSessionManager.m */ = {isa = PBXFileReference; fileEncoding = 4; lastKnownFileType = sourcecode.c.objc; path = AFURLSessionManager.m; sourceTree = "<group>"; };
		82AABC5F1ABC038A0004306C /* AFNetworkActivityIndicatorManager.h */ = {isa = PBXFileReference; fileEncoding = 4; lastKnownFileType = sourcecode.c.h; path = AFNetworkActivityIndicatorManager.h; sourceTree = "<group>"; };
		82AABC601ABC038A0004306C /* AFNetworkActivityIndicatorManager.m */ = {isa = PBXFileReference; fileEncoding = 4; lastKnownFileType = sourcecode.c.objc; path = AFNetworkActivityIndicatorManager.m; sourceTree = "<group>"; };
		82AABC611ABC038A0004306C /* UIActivityIndicatorView+AFNetworking.h */ = {isa = PBXFileReference; fileEncoding = 4; lastKnownFileType = sourcecode.c.h; path = "UIActivityIndicatorView+AFNetworking.h"; sourceTree = "<group>"; };
		82AABC621ABC038A0004306C /* UIActivityIndicatorView+AFNetworking.m */ = {isa = PBXFileReference; fileEncoding = 4; lastKnownFileType = sourcecode.c.objc; path = "UIActivityIndicatorView+AFNetworking.m"; sourceTree = "<group>"; };
		82AABC631ABC038A0004306C /* UIAlertView+AFNetworking.h */ = {isa = PBXFileReference; fileEncoding = 4; lastKnownFileType = sourcecode.c.h; path = "UIAlertView+AFNetworking.h"; sourceTree = "<group>"; };
		82AABC641ABC038A0004306C /* UIAlertView+AFNetworking.m */ = {isa = PBXFileReference; fileEncoding = 4; lastKnownFileType = sourcecode.c.objc; path = "UIAlertView+AFNetworking.m"; sourceTree = "<group>"; };
		82AABC651ABC038A0004306C /* UIButton+AFNetworking.h */ = {isa = PBXFileReference; fileEncoding = 4; lastKnownFileType = sourcecode.c.h; path = "UIButton+AFNetworking.h"; sourceTree = "<group>"; };
		82AABC661ABC038A0004306C /* UIButton+AFNetworking.m */ = {isa = PBXFileReference; fileEncoding = 4; lastKnownFileType = sourcecode.c.objc; path = "UIButton+AFNetworking.m"; sourceTree = "<group>"; };
		82AABC671ABC038A0004306C /* UIImageView+AFNetworking.h */ = {isa = PBXFileReference; fileEncoding = 4; lastKnownFileType = sourcecode.c.h; path = "UIImageView+AFNetworking.h"; sourceTree = "<group>"; };
		82AABC681ABC038A0004306C /* UIImageView+AFNetworking.m */ = {isa = PBXFileReference; fileEncoding = 4; lastKnownFileType = sourcecode.c.objc; path = "UIImageView+AFNetworking.m"; sourceTree = "<group>"; };
		82AABC691ABC038A0004306C /* UIKit+AFNetworking.h */ = {isa = PBXFileReference; fileEncoding = 4; lastKnownFileType = sourcecode.c.h; path = "UIKit+AFNetworking.h"; sourceTree = "<group>"; };
		82AABC6A1ABC038A0004306C /* UIProgressView+AFNetworking.h */ = {isa = PBXFileReference; fileEncoding = 4; lastKnownFileType = sourcecode.c.h; path = "UIProgressView+AFNetworking.h"; sourceTree = "<group>"; };
		82AABC6B1ABC038A0004306C /* UIProgressView+AFNetworking.m */ = {isa = PBXFileReference; fileEncoding = 4; lastKnownFileType = sourcecode.c.objc; path = "UIProgressView+AFNetworking.m"; sourceTree = "<group>"; };
		82AABC6C1ABC038A0004306C /* UIRefreshControl+AFNetworking.h */ = {isa = PBXFileReference; fileEncoding = 4; lastKnownFileType = sourcecode.c.h; path = "UIRefreshControl+AFNetworking.h"; sourceTree = "<group>"; };
		82AABC6D1ABC038A0004306C /* UIRefreshControl+AFNetworking.m */ = {isa = PBXFileReference; fileEncoding = 4; lastKnownFileType = sourcecode.c.objc; path = "UIRefreshControl+AFNetworking.m"; sourceTree = "<group>"; };
		82AABC6E1ABC038A0004306C /* UIWebView+AFNetworking.h */ = {isa = PBXFileReference; fileEncoding = 4; lastKnownFileType = sourcecode.c.h; path = "UIWebView+AFNetworking.h"; sourceTree = "<group>"; };
		82AABC6F1ABC038A0004306C /* UIWebView+AFNetworking.m */ = {isa = PBXFileReference; fileEncoding = 4; lastKnownFileType = sourcecode.c.objc; path = "UIWebView+AFNetworking.m"; sourceTree = "<group>"; };
		82AABC811ABC0EB60004306C /* communicateViewController.h */ = {isa = PBXFileReference; fileEncoding = 4; lastKnownFileType = sourcecode.c.h; path = communicateViewController.h; sourceTree = "<group>"; };
		82AABC821ABC0EB60004306C /* communicateViewController.m */ = {isa = PBXFileReference; fileEncoding = 4; lastKnownFileType = sourcecode.c.objc; path = communicateViewController.m; sourceTree = "<group>"; };
		82AABC831ABC0EB60004306C /* communicateViewController.xib */ = {isa = PBXFileReference; fileEncoding = 4; lastKnownFileType = file.xib; path = communicateViewController.xib; sourceTree = "<group>"; };
		82AABC861ABC0ED10004306C /* cookbookViewController.h */ = {isa = PBXFileReference; fileEncoding = 4; lastKnownFileType = sourcecode.c.h; path = cookbookViewController.h; sourceTree = "<group>"; };
		82AABC871ABC0ED10004306C /* cookbookViewController.m */ = {isa = PBXFileReference; fileEncoding = 4; lastKnownFileType = sourcecode.c.objc; path = cookbookViewController.m; sourceTree = "<group>"; };
		82AABC881ABC0ED10004306C /* cookbookViewController.xib */ = {isa = PBXFileReference; fileEncoding = 4; lastKnownFileType = file.xib; path = cookbookViewController.xib; sourceTree = "<group>"; };
		82AABC8B1ABC0EE00004306C /* videoViewController.h */ = {isa = PBXFileReference; fileEncoding = 4; lastKnownFileType = sourcecode.c.h; path = videoViewController.h; sourceTree = "<group>"; };
		82AABC8C1ABC0EE00004306C /* videoViewController.m */ = {isa = PBXFileReference; fileEncoding = 4; lastKnownFileType = sourcecode.c.objc; path = videoViewController.m; sourceTree = "<group>"; };
		82AABC8D1ABC0EE00004306C /* videoViewController.xib */ = {isa = PBXFileReference; fileEncoding = 4; lastKnownFileType = file.xib; path = videoViewController.xib; sourceTree = "<group>"; };
		82F645FC1AC29879004EB124 /* accountManager.h */ = {isa = PBXFileReference; fileEncoding = 4; lastKnownFileType = sourcecode.c.h; path = accountManager.h; sourceTree = "<group>"; };
		82F645FD1AC29879004EB124 /* accountManager.m */ = {isa = PBXFileReference; fileEncoding = 4; lastKnownFileType = sourcecode.c.objc; path = accountManager.m; sourceTree = "<group>"; };
		82F645FE1AC29879004EB124 /* accountManager.xib */ = {isa = PBXFileReference; fileEncoding = 4; lastKnownFileType = file.xib; path = accountManager.xib; sourceTree = "<group>"; };
		82F6460B1AC394A6004EB124 /* getAccessToken.h */ = {isa = PBXFileReference; fileEncoding = 4; lastKnownFileType = sourcecode.c.h; path = getAccessToken.h; sourceTree = "<group>"; };
		82F6460C1AC394A6004EB124 /* getAccessToken.m */ = {isa = PBXFileReference; fileEncoding = 4; lastKnownFileType = sourcecode.c.objc; path = getAccessToken.m; sourceTree = "<group>"; };
/* End PBXFileReference section */

/* Begin PBXFrameworksBuildPhase section */
		82AABC0E1ABBF5590004306C /* Frameworks */ = {
			isa = PBXFrameworksBuildPhase;
			buildActionMask = 2147483647;
			files = (
				82519C061AC100E2008422D2 /* libPods-AFNetworking.a in Frameworks */,
				82519C071AC100E2008422D2 /* libPods-SSKeychain.a in Frameworks */,
				82519C051AC100E2008422D2 /* libEzvizRealPlay.a in Frameworks */,
				82519C081AC100E2008422D2 /* libPods-ZBarSDK.a in Frameworks */,
			);
			runOnlyForDeploymentPostprocessing = 0;
		};
		82AABC211ABBF5590004306C /* Frameworks */ = {
			isa = PBXFrameworksBuildPhase;
			buildActionMask = 2147483647;
			files = (
			);
			runOnlyForDeploymentPostprocessing = 0;
		};
/* End PBXFrameworksBuildPhase section */

/* Begin PBXGroup section */
		82201BBA1ABEB26D004DA4E8 /* controllers */ = {
			isa = PBXGroup;
			children = (
				82201BB51ABE9E1C004DA4E8 /* loginViewController.h */,
				82201BB61ABE9E1C004DA4E8 /* loginViewController.m */,
				82201BB71ABE9E1C004DA4E8 /* loginViewController.xib */,
			);
			name = controllers;
			sourceTree = "<group>";
		};
		82201BBB1ABEB28D004DA4E8 /* model */ = {
			isa = PBXGroup;
			children = (
				82201BC01ABFADF6004DA4E8 /* loginModel.h */,
				82201BC11ABFADF6004DA4E8 /* loginModel.m */,
			);
			name = model;
			sourceTree = "<group>";
		};
		82201BBC1ABEB297004DA4E8 /* views */ = {
			isa = PBXGroup;
			children = (
			);
			name = views;
			sourceTree = "<group>";
		};
		82201BC41ABFB4EC004DA4E8 /* rigistOne */ = {
			isa = PBXGroup;
			children = (
				82201BC81ABFB681004DA4E8 /* model */,
				82201BC71ABFB67A004DA4E8 /* controller */,
			);
			name = rigistOne;
			sourceTree = "<group>";
		};
		82201BC51ABFB4F8004DA4E8 /* registTwo */ = {
			isa = PBXGroup;
			children = (
			);
			name = registTwo;
			sourceTree = "<group>";
		};
		82201BC61ABFB4FF004DA4E8 /* registThree */ = {
			isa = PBXGroup;
			children = (
			);
			name = registThree;
			sourceTree = "<group>";
		};
		82201BC71ABFB67A004DA4E8 /* controller */ = {
			isa = PBXGroup;
			children = (
				82201BC91ABFB69D004DA4E8 /* registOne.h */,
				82201BCA1ABFB69D004DA4E8 /* registOne.m */,
				82201BCB1ABFB69D004DA4E8 /* registOne.xib */,
			);
			name = controller;
			sourceTree = "<group>";
		};
		82201BC81ABFB681004DA4E8 /* model */ = {
			isa = PBXGroup;
			children = (
			);
			name = model;
			sourceTree = "<group>";
		};
		82519BE61AC100E2008422D2 /* SDK */ = {
			isa = PBXGroup;
			children = (
				82519BE71AC100E2008422D2 /* EzvizOpenSDKBundle.bundle */,
				82519BE81AC100E2008422D2 /* libEzvizRealPlay.a */,
				82519BE91AC100E2008422D2 /* libPods-AFNetworking.a */,
				82519BEA1AC100E2008422D2 /* libPods-SSKeychain.a */,
				82519BEB1AC100E2008422D2 /* libPods-ZBarSDK.a */,
				82519BEC1AC100E2008422D2 /* NSData+AES128.h */,
				82519BED1AC100E2008422D2 /* Public */,
				82519C001AC100E2008422D2 /* YSConstStrings.h */,
				82519C011AC100E2008422D2 /* YSHTTPClient.h */,
				82519C021AC100E2008422D2 /* YSMobilePages.h */,
				82519C031AC100E2008422D2 /* YSPlayerController.h */,
			);
			path = SDK;
			sourceTree = "<group>";
		};
		82519BED1AC100E2008422D2 /* Public */ = {
			isa = PBXGroup;
			children = (
				82519BEE1AC100E2008422D2 /* SSKeychain */,
				82519BF11AC100E2008422D2 /* ZBarSDK */,
			);
			path = Public;
			sourceTree = "<group>";
		};
		82519BEE1AC100E2008422D2 /* SSKeychain */ = {
			isa = PBXGroup;
			children = (
				82519BEF1AC100E2008422D2 /* SSKeychain.h */,
				82519BF01AC100E2008422D2 /* SSKeychainQuery.h */,
			);
			path = SSKeychain;
			sourceTree = "<group>";
		};
		82519BF11AC100E2008422D2 /* ZBarSDK */ = {
			isa = PBXGroup;
			children = (
				82519BF21AC100E2008422D2 /* config.h */,
				82519BF31AC100E2008422D2 /* debug.h */,
				82519BF41AC100E2008422D2 /* zbar.h */,
				82519BF51AC100E2008422D2 /* ZBarCameraSimulator.h */,
				82519BF61AC100E2008422D2 /* ZBarCaptureReader.h */,
				82519BF71AC100E2008422D2 /* ZBarCVImage.h */,
				82519BF81AC100E2008422D2 /* ZBarHelpController.h */,
				82519BF91AC100E2008422D2 /* ZBarImage.h */,
				82519BFA1AC100E2008422D2 /* ZBarImageScanner.h */,
				82519BFB1AC100E2008422D2 /* ZBarReaderController.h */,
				82519BFC1AC100E2008422D2 /* ZBarReaderView.h */,
				82519BFD1AC100E2008422D2 /* ZBarReaderViewController.h */,
				82519BFE1AC100E2008422D2 /* ZBarSDK.h */,
				82519BFF1AC100E2008422D2 /* ZBarSymbol.h */,
			);
			path = ZBarSDK;
			sourceTree = "<group>";
		};
		82519C091AC1073F008422D2 /* nemuView */ = {
			isa = PBXGroup;
			children = (
				82519C0D1AC10781008422D2 /* menuView.h */,
				82519C0E1AC10781008422D2 /* menuView.m */,
			);
			name = nemuView;
			sourceTree = "<group>";
		};
		82AABC081ABBF5590004306C = {
			isa = PBXGroup;
			children = (
				82AABC131ABBF5590004306C /* foodsecurity */,
				82AABC271ABBF5590004306C /* foodsecurityTests */,
				82AABC121ABBF5590004306C /* Products */,
			);
			sourceTree = "<group>";
		};
		82AABC121ABBF5590004306C /* Products */ = {
			isa = PBXGroup;
			children = (
				82AABC111ABBF5590004306C /* foodsecurity.app */,
				82AABC241ABBF5590004306C /* foodsecurityTests.xctest */,
			);
			name = Products;
			sourceTree = "<group>";
		};
		82AABC131ABBF5590004306C /* foodsecurity */ = {
			isa = PBXGroup;
			children = (
				82AABC341ABBFD2E0004306C /* Classes */,
				82AABC181ABBF5590004306C /* AppDelegate.h */,
				82AABC191ABBF5590004306C /* AppDelegate.m */,
				82AABC1B1ABBF5590004306C /* Images.xcassets */,
				82AABC1D1ABBF5590004306C /* LaunchScreen.xib */,
				82AABC141ABBF5590004306C /* Supporting Files */,
			);
			path = foodsecurity;
			sourceTree = "<group>";
		};
		82AABC141ABBF5590004306C /* Supporting Files */ = {
			isa = PBXGroup;
			children = (
				82AABC151ABBF5590004306C /* Info.plist */,
				82AABC161ABBF5590004306C /* main.m */,
			);
			name = "Supporting Files";
			sourceTree = "<group>";
		};
		82AABC271ABBF5590004306C /* foodsecurityTests */ = {
			isa = PBXGroup;
			children = (
				82AABC2A1ABBF5590004306C /* foodsecurityTests.m */,
				82AABC281ABBF5590004306C /* Supporting Files */,
			);
			path = foodsecurityTests;
			sourceTree = "<group>";
		};
		82AABC281ABBF5590004306C /* Supporting Files */ = {
			isa = PBXGroup;
			children = (
				82AABC291ABBF5590004306C /* Info.plist */,
			);
			name = "Supporting Files";
			sourceTree = "<group>";
		};
		82AABC341ABBFD2E0004306C /* Classes */ = {
			isa = PBXGroup;
			children = (
				82AABC351ABBFD2E0004306C /* account */,
				82AABC391ABBFD2E0004306C /* home */,
				82AABC3D1ABBFD2E0004306C /* Libs */,
			);
			path = Classes;
			sourceTree = "<group>";
		};
		82AABC351ABBFD2E0004306C /* account */ = {
			isa = PBXGroup;
			children = (
				82AABC361ABBFD2E0004306C /* login */,
				82AABC371ABBFD2E0004306C /* manage */,
				82AABC381ABBFD2E0004306C /* regist */,
			);
			path = account;
			sourceTree = "<group>";
		};
		82AABC361ABBFD2E0004306C /* login */ = {
			isa = PBXGroup;
			children = (
				82201BBC1ABEB297004DA4E8 /* views */,
				82201BBB1ABEB28D004DA4E8 /* model */,
				82201BBA1ABEB26D004DA4E8 /* controllers */,
			);
			path = login;
			sourceTree = "<group>";
		};
		82AABC371ABBFD2E0004306C /* manage */ = {
			isa = PBXGroup;
			children = (
				82F645FC1AC29879004EB124 /* accountManager.h */,
				82F645FD1AC29879004EB124 /* accountManager.m */,
				82F645FE1AC29879004EB124 /* accountManager.xib */,
			);
			path = manage;
			sourceTree = "<group>";
		};
		82AABC381ABBFD2E0004306C /* regist */ = {
			isa = PBXGroup;
			children = (
				82201BC41ABFB4EC004DA4E8 /* rigistOne */,
				82201BC51ABFB4F8004DA4E8 /* registTwo */,
				82201BC61ABFB4FF004DA4E8 /* registThree */,
			);
			path = regist;
			sourceTree = "<group>";
		};
		82AABC391ABBFD2E0004306C /* home */ = {
			isa = PBXGroup;
			children = (
				82AABC3E1ABC02170004306C /* basicView */,
				82AABC3A1ABBFD2E0004306C /* communicate */,
				82AABC3B1ABBFD2E0004306C /* cookbook */,
				82AABC3C1ABBFD2E0004306C /* video */,
			);
			path = home;
			sourceTree = "<group>";
		};
		82AABC3A1ABBFD2E0004306C /* communicate */ = {
			isa = PBXGroup;
			children = (
				82AABC811ABC0EB60004306C /* communicateViewController.h */,
				82AABC821ABC0EB60004306C /* communicateViewController.m */,
				82AABC831ABC0EB60004306C /* communicateViewController.xib */,
			);
			path = communicate;
			sourceTree = "<group>";
		};
		82AABC3B1ABBFD2E0004306C /* cookbook */ = {
			isa = PBXGroup;
			children = (
				82AABC861ABC0ED10004306C /* cookbookViewController.h */,
				82AABC871ABC0ED10004306C /* cookbookViewController.m */,
				82AABC881ABC0ED10004306C /* cookbookViewController.xib */,
			);
			path = cookbook;
			sourceTree = "<group>";
		};
		82AABC3C1ABBFD2E0004306C /* video */ = {
			isa = PBXGroup;
			children = (
				82F646071AC39446004EB124 /* models */,
				82AABC8B1ABC0EE00004306C /* videoViewController.h */,
				82AABC8C1ABC0EE00004306C /* videoViewController.m */,
				82AABC8D1ABC0EE00004306C /* videoViewController.xib */,
			);
			path = video;
			sourceTree = "<group>";
		};
		82AABC3D1ABBFD2E0004306C /* Libs */ = {
			isa = PBXGroup;
			children = (
				82519BE61AC100E2008422D2 /* SDK */,
				82AABC4A1ABC038A0004306C /* AFNetworking */,
				82AABC5E1ABC038A0004306C /* UIKit+AFNetworking */,
				82AABC441ABC027D0004306C /* common */,
			);
			path = Libs;
			sourceTree = "<group>";
		};
		82AABC3E1ABC02170004306C /* basicView */ = {
			isa = PBXGroup;
			children = (
				82519C091AC1073F008422D2 /* nemuView */,
				82AABC3F1ABC022E0004306C /* homeViewController.h */,
				82AABC401ABC022E0004306C /* homeViewController.m */,
				82AABC411ABC022E0004306C /* homeViewController.xib */,
			);
			path = basicView;
			sourceTree = "<group>";
		};
		82AABC441ABC027D0004306C /* common */ = {
			isa = PBXGroup;
			children = (
				82AABC451ABC02A30004306C /* commonNavigation.h */,
				82AABC461ABC02A30004306C /* commonNavigation.m */,
				82AABC471ABC02A30004306C /* commonNavigation.xib */,
				82201BBD1ABEBA75004DA4E8 /* API.h */,
				82201BBE1ABEBA75004DA4E8 /* API.m */,
				8264F7581AC3E00C009F5C72 /* commonModel.h */,
				8264F7591AC3E00C009F5C72 /* commonModel.m */,
			);
			path = common;
			sourceTree = "<group>";
		};
		82AABC4A1ABC038A0004306C /* AFNetworking */ = {
			isa = PBXGroup;
			children = (
				82AABC4B1ABC038A0004306C /* AFHTTPRequestOperation.h */,
				82AABC4C1ABC038A0004306C /* AFHTTPRequestOperation.m */,
				82AABC4D1ABC038A0004306C /* AFHTTPRequestOperationManager.h */,
				82AABC4E1ABC038A0004306C /* AFHTTPRequestOperationManager.m */,
				82AABC4F1ABC038A0004306C /* AFHTTPSessionManager.h */,
				82AABC501ABC038A0004306C /* AFHTTPSessionManager.m */,
				82AABC511ABC038A0004306C /* AFNetworking.h */,
				82AABC521ABC038A0004306C /* AFNetworkReachabilityManager.h */,
				82AABC531ABC038A0004306C /* AFNetworkReachabilityManager.m */,
				82AABC541ABC038A0004306C /* AFSecurityPolicy.h */,
				82AABC551ABC038A0004306C /* AFSecurityPolicy.m */,
				82AABC561ABC038A0004306C /* AFURLConnectionOperation.h */,
				82AABC571ABC038A0004306C /* AFURLConnectionOperation.m */,
				82AABC581ABC038A0004306C /* AFURLRequestSerialization.h */,
				82AABC591ABC038A0004306C /* AFURLRequestSerialization.m */,
				82AABC5A1ABC038A0004306C /* AFURLResponseSerialization.h */,
				82AABC5B1ABC038A0004306C /* AFURLResponseSerialization.m */,
				82AABC5C1ABC038A0004306C /* AFURLSessionManager.h */,
				82AABC5D1ABC038A0004306C /* AFURLSessionManager.m */,
			);
			path = AFNetworking;
			sourceTree = "<group>";
		};
		82AABC5E1ABC038A0004306C /* UIKit+AFNetworking */ = {
			isa = PBXGroup;
			children = (
				82AABC5F1ABC038A0004306C /* AFNetworkActivityIndicatorManager.h */,
				82AABC601ABC038A0004306C /* AFNetworkActivityIndicatorManager.m */,
				82AABC611ABC038A0004306C /* UIActivityIndicatorView+AFNetworking.h */,
				82AABC621ABC038A0004306C /* UIActivityIndicatorView+AFNetworking.m */,
				82AABC631ABC038A0004306C /* UIAlertView+AFNetworking.h */,
				82AABC641ABC038A0004306C /* UIAlertView+AFNetworking.m */,
				82AABC651ABC038A0004306C /* UIButton+AFNetworking.h */,
				82AABC661ABC038A0004306C /* UIButton+AFNetworking.m */,
				82AABC671ABC038A0004306C /* UIImageView+AFNetworking.h */,
				82AABC681ABC038A0004306C /* UIImageView+AFNetworking.m */,
				82AABC691ABC038A0004306C /* UIKit+AFNetworking.h */,
				82AABC6A1ABC038A0004306C /* UIProgressView+AFNetworking.h */,
				82AABC6B1ABC038A0004306C /* UIProgressView+AFNetworking.m */,
				82AABC6C1ABC038A0004306C /* UIRefreshControl+AFNetworking.h */,
				82AABC6D1ABC038A0004306C /* UIRefreshControl+AFNetworking.m */,
				82AABC6E1ABC038A0004306C /* UIWebView+AFNetworking.h */,
				82AABC6F1ABC038A0004306C /* UIWebView+AFNetworking.m */,
			);
			path = "UIKit+AFNetworking";
			sourceTree = "<group>";
		};
		82F646071AC39446004EB124 /* models */ = {
			isa = PBXGroup;
			children = (
				82F6460B1AC394A6004EB124 /* getAccessToken.h */,
				82F6460C1AC394A6004EB124 /* getAccessToken.m */,
			);
			name = models;
			sourceTree = "<group>";
		};
/* End PBXGroup section */

/* Begin PBXNativeTarget section */
		82AABC101ABBF5590004306C /* foodsecurity */ = {
			isa = PBXNativeTarget;
			buildConfigurationList = 82AABC2E1ABBF5590004306C /* Build configuration list for PBXNativeTarget "foodsecurity" */;
			buildPhases = (
				82AABC0D1ABBF5590004306C /* Sources */,
				82AABC0E1ABBF5590004306C /* Frameworks */,
				82AABC0F1ABBF5590004306C /* Resources */,
			);
			buildRules = (
			);
			dependencies = (
			);
			name = foodsecurity;
			productName = foodsecurity;
			productReference = 82AABC111ABBF5590004306C /* foodsecurity.app */;
			productType = "com.apple.product-type.application";
		};
		82AABC231ABBF5590004306C /* foodsecurityTests */ = {
			isa = PBXNativeTarget;
			buildConfigurationList = 82AABC311ABBF5590004306C /* Build configuration list for PBXNativeTarget "foodsecurityTests" */;
			buildPhases = (
				82AABC201ABBF5590004306C /* Sources */,
				82AABC211ABBF5590004306C /* Frameworks */,
				82AABC221ABBF5590004306C /* Resources */,
			);
			buildRules = (
			);
			dependencies = (
				82AABC261ABBF5590004306C /* PBXTargetDependency */,
			);
			name = foodsecurityTests;
			productName = foodsecurityTests;
			productReference = 82AABC241ABBF5590004306C /* foodsecurityTests.xctest */;
			productType = "com.apple.product-type.bundle.unit-test";
		};
/* End PBXNativeTarget section */

/* Begin PBXProject section */
		82AABC091ABBF5590004306C /* Project object */ = {
			isa = PBXProject;
			attributes = {
				LastUpgradeCheck = 0610;
				ORGANIZATIONNAME = com.zsgj;
				TargetAttributes = {
					82AABC101ABBF5590004306C = {
						CreatedOnToolsVersion = 6.1.1;
					};
					82AABC231ABBF5590004306C = {
						CreatedOnToolsVersion = 6.1.1;
						TestTargetID = 82AABC101ABBF5590004306C;
					};
				};
			};
			buildConfigurationList = 82AABC0C1ABBF5590004306C /* Build configuration list for PBXProject "foodsecurity" */;
			compatibilityVersion = "Xcode 3.2";
			developmentRegion = English;
			hasScannedForEncodings = 0;
			knownRegions = (
				en,
				Base,
			);
			mainGroup = 82AABC081ABBF5590004306C;
			productRefGroup = 82AABC121ABBF5590004306C /* Products */;
			projectDirPath = "";
			projectRoot = "";
			targets = (
				82AABC101ABBF5590004306C /* foodsecurity */,
				82AABC231ABBF5590004306C /* foodsecurityTests */,
			);
		};
/* End PBXProject section */

/* Begin PBXResourcesBuildPhase section */
		82AABC0F1ABBF5590004306C /* Resources */ = {
			isa = PBXResourcesBuildPhase;
			buildActionMask = 2147483647;
			files = (
				82201BB91ABE9E1C004DA4E8 /* loginViewController.xib in Resources */,
				82AABC851ABC0EB60004306C /* communicateViewController.xib in Resources */,
				82AABC431ABC022E0004306C /* homeViewController.xib in Resources */,
				82AABC1F1ABBF5590004306C /* LaunchScreen.xib in Resources */,
				82201BCD1ABFB69D004DA4E8 /* registOne.xib in Resources */,
				82AABC491ABC02A30004306C /* commonNavigation.xib in Resources */,
				82AABC8F1ABC0EE00004306C /* videoViewController.xib in Resources */,
				82F646001AC29879004EB124 /* accountManager.xib in Resources */,
				82AABC1C1ABBF5590004306C /* Images.xcassets in Resources */,
				82AABC8A1ABC0ED10004306C /* cookbookViewController.xib in Resources */,
				82519C041AC100E2008422D2 /* EzvizOpenSDKBundle.bundle in Resources */,
			);
			runOnlyForDeploymentPostprocessing = 0;
		};
		82AABC221ABBF5590004306C /* Resources */ = {
			isa = PBXResourcesBuildPhase;
			buildActionMask = 2147483647;
			files = (
			);
			runOnlyForDeploymentPostprocessing = 0;
		};
/* End PBXResourcesBuildPhase section */

/* Begin PBXSourcesBuildPhase section */
		82AABC0D1ABBF5590004306C /* Sources */ = {
			isa = PBXSourcesBuildPhase;
			buildActionMask = 2147483647;
			files = (
				82AABC841ABC0EB60004306C /* communicateViewController.m in Sources */,
				8264F75A1AC3E00C009F5C72 /* commonModel.m in Sources */,
				82201BB81ABE9E1C004DA4E8 /* loginViewController.m in Sources */,
				82AABC7E1ABC038A0004306C /* UIProgressView+AFNetworking.m in Sources */,
				82519C0F1AC10781008422D2 /* menuView.m in Sources */,
				82AABC7C1ABC038A0004306C /* UIButton+AFNetworking.m in Sources */,
				82AABC891ABC0ED10004306C /* cookbookViewController.m in Sources */,
				82AABC7F1ABC038A0004306C /* UIRefreshControl+AFNetworking.m in Sources */,
				82AABC7B1ABC038A0004306C /* UIAlertView+AFNetworking.m in Sources */,
				82AABC1A1ABBF5590004306C /* AppDelegate.m in Sources */,
				82AABC741ABC038A0004306C /* AFSecurityPolicy.m in Sources */,
				82AABC171ABBF5590004306C /* main.m in Sources */,
				82AABC711ABC038A0004306C /* AFHTTPRequestOperationManager.m in Sources */,
				82AABC751ABC038A0004306C /* AFURLConnectionOperation.m in Sources */,
				82AABC7D1ABC038A0004306C /* UIImageView+AFNetworking.m in Sources */,
				82AABC701ABC038A0004306C /* AFHTTPRequestOperation.m in Sources */,
				82AABC7A1ABC038A0004306C /* UIActivityIndicatorView+AFNetworking.m in Sources */,
				82AABC8E1ABC0EE00004306C /* videoViewController.m in Sources */,
				82AABC481ABC02A30004306C /* commonNavigation.m in Sources */,
				82AABC761ABC038A0004306C /* AFURLRequestSerialization.m in Sources */,
				82201BCC1ABFB69D004DA4E8 /* registOne.m in Sources */,
				82AABC721ABC038A0004306C /* AFHTTPSessionManager.m in Sources */,
				82F645FF1AC29879004EB124 /* accountManager.m in Sources */,
				82AABC731ABC038A0004306C /* AFNetworkReachabilityManager.m in Sources */,
				82201BBF1ABEBA75004DA4E8 /* API.m in Sources */,
				82AABC771ABC038A0004306C /* AFURLResponseSerialization.m in Sources */,
				82AABC801ABC038A0004306C /* UIWebView+AFNetworking.m in Sources */,
				82AABC781ABC038A0004306C /* AFURLSessionManager.m in Sources */,
				82201BC21ABFADF6004DA4E8 /* loginModel.m in Sources */,
				82AABC791ABC038A0004306C /* AFNetworkActivityIndicatorManager.m in Sources */,
				82F6460D1AC394A6004EB124 /* getAccessToken.m in Sources */,
				82AABC421ABC022E0004306C /* homeViewController.m in Sources */,
			);
			runOnlyForDeploymentPostprocessing = 0;
		};
		82AABC201ABBF5590004306C /* Sources */ = {
			isa = PBXSourcesBuildPhase;
			buildActionMask = 2147483647;
			files = (
				82AABC2B1ABBF5590004306C /* foodsecurityTests.m in Sources */,
			);
			runOnlyForDeploymentPostprocessing = 0;
		};
/* End PBXSourcesBuildPhase section */

/* Begin PBXTargetDependency section */
		82AABC261ABBF5590004306C /* PBXTargetDependency */ = {
			isa = PBXTargetDependency;
			target = 82AABC101ABBF5590004306C /* foodsecurity */;
			targetProxy = 82AABC251ABBF5590004306C /* PBXContainerItemProxy */;
		};
/* End PBXTargetDependency section */

/* Begin PBXVariantGroup section */
		82AABC1D1ABBF5590004306C /* LaunchScreen.xib */ = {
			isa = PBXVariantGroup;
			children = (
				82AABC1E1ABBF5590004306C /* Base */,
			);
			name = LaunchScreen.xib;
			sourceTree = "<group>";
		};
/* End PBXVariantGroup section */

/* Begin XCBuildConfiguration section */
		82AABC2C1ABBF5590004306C /* Debug */ = {
			isa = XCBuildConfiguration;
			buildSettings = {
				ALWAYS_SEARCH_USER_PATHS = NO;
				CLANG_CXX_LANGUAGE_STANDARD = "gnu++0x";
				CLANG_CXX_LIBRARY = "libc++";
				CLANG_ENABLE_MODULES = YES;
				CLANG_ENABLE_OBJC_ARC = YES;
				CLANG_WARN_BOOL_CONVERSION = YES;
				CLANG_WARN_CONSTANT_CONVERSION = YES;
				CLANG_WARN_DIRECT_OBJC_ISA_USAGE = YES_ERROR;
				CLANG_WARN_EMPTY_BODY = YES;
				CLANG_WARN_ENUM_CONVERSION = YES;
				CLANG_WARN_INT_CONVERSION = YES;
				CLANG_WARN_OBJC_ROOT_CLASS = YES_ERROR;
				CLANG_WARN_UNREACHABLE_CODE = YES;
				CLANG_WARN__DUPLICATE_METHOD_MATCH = YES;
				"CODE_SIGN_IDENTITY[sdk=iphoneos*]" = "iPhone Developer";
				COPY_PHASE_STRIP = NO;
				ENABLE_STRICT_OBJC_MSGSEND = YES;
				GCC_C_LANGUAGE_STANDARD = gnu99;
				GCC_DYNAMIC_NO_PIC = NO;
				GCC_OPTIMIZATION_LEVEL = 0;
				GCC_PREPROCESSOR_DEFINITIONS = (
					"DEBUG=1",
					"$(inherited)",
				);
				GCC_SYMBOLS_PRIVATE_EXTERN = NO;
				GCC_WARN_64_TO_32_BIT_CONVERSION = YES;
				GCC_WARN_ABOUT_RETURN_TYPE = YES_ERROR;
				GCC_WARN_UNDECLARED_SELECTOR = YES;
				GCC_WARN_UNINITIALIZED_AUTOS = YES_AGGRESSIVE;
				GCC_WARN_UNUSED_FUNCTION = YES;
				GCC_WARN_UNUSED_VARIABLE = YES;
				IPHONEOS_DEPLOYMENT_TARGET = 8.1;
				MTL_ENABLE_DEBUG_INFO = YES;
				ONLY_ACTIVE_ARCH = YES;
				SDKROOT = iphoneos;
			};
			name = Debug;
		};
		82AABC2D1ABBF5590004306C /* Release */ = {
			isa = XCBuildConfiguration;
			buildSettings = {
				ALWAYS_SEARCH_USER_PATHS = NO;
				CLANG_CXX_LANGUAGE_STANDARD = "gnu++0x";
				CLANG_CXX_LIBRARY = "libc++";
				CLANG_ENABLE_MODULES = YES;
				CLANG_ENABLE_OBJC_ARC = YES;
				CLANG_WARN_BOOL_CONVERSION = YES;
				CLANG_WARN_CONSTANT_CONVERSION = YES;
				CLANG_WARN_DIRECT_OBJC_ISA_USAGE = YES_ERROR;
				CLANG_WARN_EMPTY_BODY = YES;
				CLANG_WARN_ENUM_CONVERSION = YES;
				CLANG_WARN_INT_CONVERSION = YES;
				CLANG_WARN_OBJC_ROOT_CLASS = YES_ERROR;
				CLANG_WARN_UNREACHABLE_CODE = YES;
				CLANG_WARN__DUPLICATE_METHOD_MATCH = YES;
				"CODE_SIGN_IDENTITY[sdk=iphoneos*]" = "iPhone Developer";
				COPY_PHASE_STRIP = YES;
				ENABLE_NS_ASSERTIONS = NO;
				ENABLE_STRICT_OBJC_MSGSEND = YES;
				GCC_C_LANGUAGE_STANDARD = gnu99;
				GCC_WARN_64_TO_32_BIT_CONVERSION = YES;
				GCC_WARN_ABOUT_RETURN_TYPE = YES_ERROR;
				GCC_WARN_UNDECLARED_SELECTOR = YES;
				GCC_WARN_UNINITIALIZED_AUTOS = YES_AGGRESSIVE;
				GCC_WARN_UNUSED_FUNCTION = YES;
				GCC_WARN_UNUSED_VARIABLE = YES;
				IPHONEOS_DEPLOYMENT_TARGET = 8.1;
				MTL_ENABLE_DEBUG_INFO = NO;
				SDKROOT = iphoneos;
				VALIDATE_PRODUCT = YES;
			};
			name = Release;
		};
		82AABC2F1ABBF5590004306C /* Debug */ = {
			isa = XCBuildConfiguration;
			buildSettings = {
				ASSETCATALOG_COMPILER_APPICON_NAME = AppIcon;
				INFOPLIST_FILE = foodsecurity/Info.plist;
				LD_RUNPATH_SEARCH_PATHS = "$(inherited) @executable_path/Frameworks";
				LIBRARY_SEARCH_PATHS = (
					"$(inherited)",
					"$(PROJECT_DIR)/foodsecurity/Classes/Libs/SDK",
				);
				PRODUCT_NAME = "$(TARGET_NAME)";
			};
			name = Debug;
		};
		82AABC301ABBF5590004306C /* Release */ = {
			isa = XCBuildConfiguration;
			buildSettings = {
				ASSETCATALOG_COMPILER_APPICON_NAME = AppIcon;
				INFOPLIST_FILE = foodsecurity/Info.plist;
				LD_RUNPATH_SEARCH_PATHS = "$(inherited) @executable_path/Frameworks";
				LIBRARY_SEARCH_PATHS = (
					"$(inherited)",
					"$(PROJECT_DIR)/foodsecurity/Classes/Libs/SDK",
				);
				PRODUCT_NAME = "$(TARGET_NAME)";
			};
			name = Release;
		};
		82AABC321ABBF5590004306C /* Debug */ = {
			isa = XCBuildConfiguration;
			buildSettings = {
				BUNDLE_LOADER = "$(TEST_HOST)";
				FRAMEWORK_SEARCH_PATHS = (
					"$(SDKROOT)/Developer/Library/Frameworks",
					"$(inherited)",
				);
				GCC_PREPROCESSOR_DEFINITIONS = (
					"DEBUG=1",
					"$(inherited)",
				);
				INFOPLIST_FILE = foodsecurityTests/Info.plist;
				LD_RUNPATH_SEARCH_PATHS = "$(inherited) @executable_path/Frameworks @loader_path/Frameworks";
				PRODUCT_NAME = "$(TARGET_NAME)";
				TEST_HOST = "$(BUILT_PRODUCTS_DIR)/foodsecurity.app/foodsecurity";
			};
			name = Debug;
		};
		82AABC331ABBF5590004306C /* Release */ = {
			isa = XCBuildConfiguration;
			buildSettings = {
				BUNDLE_LOADER = "$(TEST_HOST)";
				FRAMEWORK_SEARCH_PATHS = (
					"$(SDKROOT)/Developer/Library/Frameworks",
					"$(inherited)",
				);
				INFOPLIST_FILE = foodsecurityTests/Info.plist;
				LD_RUNPATH_SEARCH_PATHS = "$(inherited) @executable_path/Frameworks @loader_path/Frameworks";
				PRODUCT_NAME = "$(TARGET_NAME)";
				TEST_HOST = "$(BUILT_PRODUCTS_DIR)/foodsecurity.app/foodsecurity";
			};
			name = Release;
		};
/* End XCBuildConfiguration section */

/* Begin XCConfigurationList section */
		82AABC0C1ABBF5590004306C /* Build configuration list for PBXProject "foodsecurity" */ = {
			isa = XCConfigurationList;
			buildConfigurations = (
				82AABC2C1ABBF5590004306C /* Debug */,
				82AABC2D1ABBF5590004306C /* Release */,
			);
			defaultConfigurationIsVisible = 0;
			defaultConfigurationName = Release;
		};
		82AABC2E1ABBF5590004306C /* Build configuration list for PBXNativeTarget "foodsecurity" */ = {
			isa = XCConfigurationList;
			buildConfigurations = (
				82AABC2F1ABBF5590004306C /* Debug */,
				82AABC301ABBF5590004306C /* Release */,
			);
			defaultConfigurationIsVisible = 0;
			defaultConfigurationName = Release;
		};
		82AABC311ABBF5590004306C /* Build configuration list for PBXNativeTarget "foodsecurityTests" */ = {
			isa = XCConfigurationList;
			buildConfigurations = (
				82AABC321ABBF5590004306C /* Debug */,
				82AABC331ABBF5590004306C /* Release */,
			);
			defaultConfigurationIsVisible = 0;
			defaultConfigurationName = Release;
		};
/* End XCConfigurationList section */
	};
	rootObject = 82AABC091ABBF5590004306C /* Project object */;
}
