// !$*UTF8*$!
{
	archiveVersion = 1;
	classes = {
	};
	objectVersion = 46;
	objects = {

/* Begin PBXBuildFile section */
		3B023A811ACE2FF9008E3ED4 /* ToAdviceViewController.m in Sources */ = {isa = PBXBuildFile; fileRef = 3B023A7F1ACE2FF9008E3ED4 /* ToAdviceViewController.m */; };
		3B023A821ACE2FF9008E3ED4 /* ToAdviceViewController.xib in Resources */ = {isa = PBXBuildFile; fileRef = 3B023A801ACE2FF9008E3ED4 /* ToAdviceViewController.xib */; };
		3B023A851ACE37FF008E3ED4 /* ToAdviceModel.m in Sources */ = {isa = PBXBuildFile; fileRef = 3B023A841ACE37FF008E3ED4 /* ToAdviceModel.m */; };
		3B023A8B1ACE6656008E3ED4 /* PrintObject.m in Sources */ = {isa = PBXBuildFile; fileRef = 3B023A8A1ACE6656008E3ED4 /* PrintObject.m */; };
		3B04F9331AC3A26200831F41 /* IQKeyboardManager.bundle in Resources */ = {isa = PBXBuildFile; fileRef = 3B04F91D1AC3A26200831F41 /* IQKeyboardManager.bundle */; };
		3B04F9341AC3A26200831F41 /* IQKeyboardManager.m in Sources */ = {isa = PBXBuildFile; fileRef = 3B04F91F1AC3A26200831F41 /* IQKeyboardManager.m */; };
		3B04F9351AC3A26200831F41 /* IQSegmentedNextPrevious.m in Sources */ = {isa = PBXBuildFile; fileRef = 3B04F9231AC3A26200831F41 /* IQSegmentedNextPrevious.m */; };
		3B04F9371AC3A26200831F41 /* IQTitleBarButtonItem.m in Sources */ = {isa = PBXBuildFile; fileRef = 3B04F9271AC3A26200831F41 /* IQTitleBarButtonItem.m */; };
		3B04F9381AC3A26200831F41 /* IQToolbar.m in Sources */ = {isa = PBXBuildFile; fileRef = 3B04F9291AC3A26200831F41 /* IQToolbar.m */; };
		3B04F9391AC3A26200831F41 /* NSArray+Sort.m in Sources */ = {isa = PBXBuildFile; fileRef = 3B04F92C1AC3A26200831F41 /* NSArray+Sort.m */; };
		3B04F93A1AC3A26200831F41 /* UIView+Hierarchy.m in Sources */ = {isa = PBXBuildFile; fileRef = 3B04F92E1AC3A26200831F41 /* UIView+Hierarchy.m */; };
		3B04F93B1AC3A26200831F41 /* UIView+IQKeyboardToolbar.m in Sources */ = {isa = PBXBuildFile; fileRef = 3B04F9301AC3A26200831F41 /* UIView+IQKeyboardToolbar.m */; };
		3B04F93C1AC3A26200831F41 /* UIWindow+Hierarchy.m in Sources */ = {isa = PBXBuildFile; fileRef = 3B04F9321AC3A26200831F41 /* UIWindow+Hierarchy.m */; };
		3B3C48051AC95694005C895D /* noticeListModel.m in Sources */ = {isa = PBXBuildFile; fileRef = 3B3C48041AC95694005C895D /* noticeListModel.m */; };
		3BD5819E1ACCF67D006A60F3 /* NoticesModel.m in Sources */ = {isa = PBXBuildFile; fileRef = 3BD5819D1ACCF67D006A60F3 /* NoticesModel.m */; };
		3BD581B01ACD2085006A60F3 /* MJRefresh.bundle in Resources */ = {isa = PBXBuildFile; fileRef = 3BD581A01ACD2085006A60F3 /* MJRefresh.bundle */; };
		3BD581B11ACD2085006A60F3 /* MJRefreshBaseView.m in Sources */ = {isa = PBXBuildFile; fileRef = 3BD581A31ACD2085006A60F3 /* MJRefreshBaseView.m */; };
		3BD581B21ACD2085006A60F3 /* MJRefreshConst.m in Sources */ = {isa = PBXBuildFile; fileRef = 3BD581A51ACD2085006A60F3 /* MJRefreshConst.m */; };
		3BD581B31ACD2085006A60F3 /* MJRefreshFooterView.m in Sources */ = {isa = PBXBuildFile; fileRef = 3BD581A71ACD2085006A60F3 /* MJRefreshFooterView.m */; };
		3BD581B41ACD2085006A60F3 /* MJRefreshHeaderView.m in Sources */ = {isa = PBXBuildFile; fileRef = 3BD581A91ACD2085006A60F3 /* MJRefreshHeaderView.m */; };
		3BD581B51ACD2085006A60F3 /* UIScrollView+MJExtension.m in Sources */ = {isa = PBXBuildFile; fileRef = 3BD581AB1ACD2085006A60F3 /* UIScrollView+MJExtension.m */; };
		3BD581B61ACD2085006A60F3 /* UIScrollView+MJRefresh.m in Sources */ = {isa = PBXBuildFile; fileRef = 3BD581AD1ACD2085006A60F3 /* UIScrollView+MJRefresh.m */; };
		3BD581B71ACD2085006A60F3 /* UIView+MJExtension.m in Sources */ = {isa = PBXBuildFile; fileRef = 3BD581AF1ACD2085006A60F3 /* UIView+MJExtension.m */; };
		3BD581BB1ACD276E006A60F3 /* noticeDetailViewController.m in Sources */ = {isa = PBXBuildFile; fileRef = 3BD581B91ACD276E006A60F3 /* noticeDetailViewController.m */; };
		3BD581BC1ACD276E006A60F3 /* noticeDetailViewController.xib in Resources */ = {isa = PBXBuildFile; fileRef = 3BD581BA1ACD276E006A60F3 /* noticeDetailViewController.xib */; };
		3BD581BF1ACD3861006A60F3 /* DayCookBookModel.m in Sources */ = {isa = PBXBuildFile; fileRef = 3BD581BE1ACD3861006A60F3 /* DayCookBookModel.m */; };
		3BD5955B1ACA324700C56BD4 /* adviceModel.m in Sources */ = {isa = PBXBuildFile; fileRef = 3BD5955A1ACA324700C56BD4 /* adviceModel.m */; };
		82201BB81ABE9E1C004DA4E8 /* loginViewController.m in Sources */ = {isa = PBXBuildFile; fileRef = 82201BB61ABE9E1C004DA4E8 /* loginViewController.m */; };
		82201BB91ABE9E1C004DA4E8 /* loginViewController.xib in Resources */ = {isa = PBXBuildFile; fileRef = 82201BB71ABE9E1C004DA4E8 /* loginViewController.xib */; };
		82201BBF1ABEBA75004DA4E8 /* API.m in Sources */ = {isa = PBXBuildFile; fileRef = 82201BBE1ABEBA75004DA4E8 /* API.m */; };
		82201BC21ABFADF6004DA4E8 /* loginModel.m in Sources */ = {isa = PBXBuildFile; fileRef = 82201BC11ABFADF6004DA4E8 /* loginModel.m */; };
		82201BCC1ABFB69D004DA4E8 /* registOne.m in Sources */ = {isa = PBXBuildFile; fileRef = 82201BCA1ABFB69D004DA4E8 /* registOne.m */; };
		824983DB1AC9108D00912514 /* cookBookModel.m in Sources */ = {isa = PBXBuildFile; fileRef = 3BD93D941AC902B4005D11E4 /* cookBookModel.m */; };
		824983DD1AC9243800912514 /* libiconv.2.4.0.dylib in Frameworks */ = {isa = PBXBuildFile; fileRef = 8264F8661AC64EAC009F5C72 /* libiconv.2.4.0.dylib */; };
		824983DE1AC9243F00912514 /* libstdc++.dylib in Frameworks */ = {isa = PBXBuildFile; fileRef = 8264F8641AC64EA1009F5C72 /* libstdc++.dylib */; };
		824983E81AC926BB00912514 /* noticeViewController.m in Sources */ = {isa = PBXBuildFile; fileRef = 824983E61AC926BB00912514 /* noticeViewController.m */; };
		824983E91AC926BB00912514 /* noticeViewController.xib in Resources */ = {isa = PBXBuildFile; fileRef = 824983E71AC926BB00912514 /* noticeViewController.xib */; };
		824983ED1AC9270000912514 /* adviceViewController.m in Sources */ = {isa = PBXBuildFile; fileRef = 824983EB1AC9270000912514 /* adviceViewController.m */; };
		824983EE1AC9270000912514 /* adviceViewController.xib in Resources */ = {isa = PBXBuildFile; fileRef = 824983EC1AC9270000912514 /* adviceViewController.xib */; };
		824983F21AC9271C00912514 /* videoViewController.m in Sources */ = {isa = PBXBuildFile; fileRef = 824983F01AC9271C00912514 /* videoViewController.m */; };
		824983F31AC9271C00912514 /* videoViewController.xib in Resources */ = {isa = PBXBuildFile; fileRef = 824983F11AC9271C00912514 /* videoViewController.xib */; };
		82519C0F1AC10781008422D2 /* menuView.m in Sources */ = {isa = PBXBuildFile; fileRef = 82519C0E1AC10781008422D2 /* menuView.m */; };
		8264F75A1AC3E00C009F5C72 /* commonModel.m in Sources */ = {isa = PBXBuildFile; fileRef = 8264F7591AC3E00C009F5C72 /* commonModel.m */; };
		8264F8B21AC78971009F5C72 /* libEzvizRealPlay.a in Frameworks */ = {isa = PBXBuildFile; fileRef = 8264F88A1AC78971009F5C72 /* libEzvizRealPlay.a */; };
		8264F8B31AC78971009F5C72 /* libPods-AFNetworking.a in Frameworks */ = {isa = PBXBuildFile; fileRef = 8264F88B1AC78971009F5C72 /* libPods-AFNetworking.a */; };
		8264F8B41AC78971009F5C72 /* libPods-SSKeychain.a in Frameworks */ = {isa = PBXBuildFile; fileRef = 8264F88C1AC78971009F5C72 /* libPods-SSKeychain.a */; };
		8264F8B51AC78971009F5C72 /* libPods-ZBarSDK.a in Frameworks */ = {isa = PBXBuildFile; fileRef = 8264F88D1AC78971009F5C72 /* libPods-ZBarSDK.a */; };
		8264F8C11AC8DD69009F5C72 /* CoreData.framework in Frameworks */ = {isa = PBXBuildFile; fileRef = 8264F8681AC64F0E009F5C72 /* CoreData.framework */; };
		8264F8C41AC8DD7C009F5C72 /* CoreMotion.framework in Frameworks */ = {isa = PBXBuildFile; fileRef = 8264F8621AC64E95009F5C72 /* CoreMotion.framework */; };
		8264F8C51AC8DD81009F5C72 /* AudioToolbox.framework in Frameworks */ = {isa = PBXBuildFile; fileRef = 8264F8601AC64E8B009F5C72 /* AudioToolbox.framework */; };
		8264F8C61AC8DD88009F5C72 /* MobileCoreServices.framework in Frameworks */ = {isa = PBXBuildFile; fileRef = 8264F85E1AC64E7F009F5C72 /* MobileCoreServices.framework */; };
		8264F8C71AC8DD92009F5C72 /* SystemConfiguration.framework in Frameworks */ = {isa = PBXBuildFile; fileRef = 8264F85C1AC64E4B009F5C72 /* SystemConfiguration.framework */; };
		8264F8C81AC8DD9B009F5C72 /* OpenAL.framework in Frameworks */ = {isa = PBXBuildFile; fileRef = 8264F85A1AC64E41009F5C72 /* OpenAL.framework */; };
		8264F8C91AC8DD9B009F5C72 /* OpenGLES.framework in Frameworks */ = {isa = PBXBuildFile; fileRef = 8264F8581AC64E3A009F5C72 /* OpenGLES.framework */; };
		8264F8CA1AC8DD9F009F5C72 /* AVFoundation.framework in Frameworks */ = {isa = PBXBuildFile; fileRef = 8264F8561AC64E32009F5C72 /* AVFoundation.framework */; };
		8264F8CB1AC8DDA9009F5C72 /* Foundation.framework in Frameworks */ = {isa = PBXBuildFile; fileRef = 8264F8541AC64E29009F5C72 /* Foundation.framework */; };
		8264F8CC1AC8DDAF009F5C72 /* UIKit.framework in Frameworks */ = {isa = PBXBuildFile; fileRef = 8264F8521AC64E1C009F5C72 /* UIKit.framework */; };
		82AABC171ABBF5590004306C /* main.m in Sources */ = {isa = PBXBuildFile; fileRef = 82AABC161ABBF5590004306C /* main.m */; };
		82AABC1A1ABBF5590004306C /* AppDelegate.m in Sources */ = {isa = PBXBuildFile; fileRef = 82AABC191ABBF5590004306C /* AppDelegate.m */; };
		82AABC2B1ABBF5590004306C /* foodsecurityTests.m in Sources */ = {isa = PBXBuildFile; fileRef = 82AABC2A1ABBF5590004306C /* foodsecurityTests.m */; };
		82AABC421ABC022E0004306C /* homeViewController.m in Sources */ = {isa = PBXBuildFile; fileRef = 82AABC401ABC022E0004306C /* homeViewController.m */; };
		82AABC431ABC022E0004306C /* homeViewController.xib in Resources */ = {isa = PBXBuildFile; fileRef = 82AABC411ABC022E0004306C /* homeViewController.xib */; };
		82AABC481ABC02A30004306C /* commonNavigation.m in Sources */ = {isa = PBXBuildFile; fileRef = 82AABC461ABC02A30004306C /* commonNavigation.m */; };
		82AABC841ABC0EB60004306C /* communicateViewController.m in Sources */ = {isa = PBXBuildFile; fileRef = 82AABC821ABC0EB60004306C /* communicateViewController.m */; };
		82AABC851ABC0EB60004306C /* communicateViewController.xib in Resources */ = {isa = PBXBuildFile; fileRef = 82AABC831ABC0EB60004306C /* communicateViewController.xib */; };
		82AABC891ABC0ED10004306C /* cookbookViewController.m in Sources */ = {isa = PBXBuildFile; fileRef = 82AABC871ABC0ED10004306C /* cookbookViewController.m */; };
		82F645FF1AC29879004EB124 /* accountManager.m in Sources */ = {isa = PBXBuildFile; fileRef = 82F645FD1AC29879004EB124 /* accountManager.m */; };
/* End PBXBuildFile section */

/* Begin PBXContainerItemProxy section */
		82AABC251ABBF5590004306C /* PBXContainerItemProxy */ = {
			isa = PBXContainerItemProxy;
			containerPortal = 82AABC091ABBF5590004306C /* Project object */;
			proxyType = 1;
			remoteGlobalIDString = 82AABC101ABBF5590004306C;
			remoteInfo = foodsecurity;
		};
/* End PBXContainerItemProxy section */

/* Begin PBXFileReference section */
		3B023A7E1ACE2FF9008E3ED4 /* ToAdviceViewController.h */ = {isa = PBXFileReference; fileEncoding = 4; lastKnownFileType = sourcecode.c.h; path = ToAdviceViewController.h; sourceTree = "<group>"; };
		3B023A7F1ACE2FF9008E3ED4 /* ToAdviceViewController.m */ = {isa = PBXFileReference; fileEncoding = 4; lastKnownFileType = sourcecode.c.objc; path = ToAdviceViewController.m; sourceTree = "<group>"; };
		3B023A801ACE2FF9008E3ED4 /* ToAdviceViewController.xib */ = {isa = PBXFileReference; fileEncoding = 4; lastKnownFileType = file.xib; path = ToAdviceViewController.xib; sourceTree = "<group>"; };
		3B023A831ACE37FF008E3ED4 /* ToAdviceModel.h */ = {isa = PBXFileReference; fileEncoding = 4; lastKnownFileType = sourcecode.c.h; path = ToAdviceModel.h; sourceTree = "<group>"; };
		3B023A841ACE37FF008E3ED4 /* ToAdviceModel.m */ = {isa = PBXFileReference; fileEncoding = 4; lastKnownFileType = sourcecode.c.objc; path = ToAdviceModel.m; sourceTree = "<group>"; };
		3B023A891ACE6656008E3ED4 /* PrintObject.h */ = {isa = PBXFileReference; fileEncoding = 4; lastKnownFileType = sourcecode.c.h; path = PrintObject.h; sourceTree = "<group>"; };
		3B023A8A1ACE6656008E3ED4 /* PrintObject.m */ = {isa = PBXFileReference; fileEncoding = 4; lastKnownFileType = sourcecode.c.objc; path = PrintObject.m; sourceTree = "<group>"; };
		3B04F91D1AC3A26200831F41 /* IQKeyboardManager.bundle */ = {isa = PBXFileReference; lastKnownFileType = "wrapper.plug-in"; path = IQKeyboardManager.bundle; sourceTree = "<group>"; };
		3B04F91E1AC3A26200831F41 /* IQKeyboardManager.h */ = {isa = PBXFileReference; fileEncoding = 4; lastKnownFileType = sourcecode.c.h; path = IQKeyboardManager.h; sourceTree = "<group>"; };
		3B04F91F1AC3A26200831F41 /* IQKeyboardManager.m */ = {isa = PBXFileReference; fileEncoding = 4; lastKnownFileType = sourcecode.c.objc; path = IQKeyboardManager.m; sourceTree = "<group>"; };
		3B04F9201AC3A26200831F41 /* IQKeyboardManagerConstants.h */ = {isa = PBXFileReference; fileEncoding = 4; lastKnownFileType = sourcecode.c.h; path = IQKeyboardManagerConstants.h; sourceTree = "<group>"; };
		3B04F9211AC3A26200831F41 /* IQKeyboardManagerConstantsInternal.h */ = {isa = PBXFileReference; fileEncoding = 4; lastKnownFileType = sourcecode.c.h; path = IQKeyboardManagerConstantsInternal.h; sourceTree = "<group>"; };
		3B04F9221AC3A26200831F41 /* IQSegmentedNextPrevious.h */ = {isa = PBXFileReference; fileEncoding = 4; lastKnownFileType = sourcecode.c.h; path = IQSegmentedNextPrevious.h; sourceTree = "<group>"; };
		3B04F9231AC3A26200831F41 /* IQSegmentedNextPrevious.m */ = {isa = PBXFileReference; fileEncoding = 4; lastKnownFileType = sourcecode.c.objc; path = IQSegmentedNextPrevious.m; sourceTree = "<group>"; };
		3B04F9241AC3A26200831F41 /* IQTextView.h */ = {isa = PBXFileReference; fileEncoding = 4; lastKnownFileType = sourcecode.c.h; path = IQTextView.h; sourceTree = "<group>"; };
		3B04F9251AC3A26200831F41 /* IQTextView.m */ = {isa = PBXFileReference; fileEncoding = 4; lastKnownFileType = sourcecode.c.objc; path = IQTextView.m; sourceTree = "<group>"; };
		3B04F9261AC3A26200831F41 /* IQTitleBarButtonItem.h */ = {isa = PBXFileReference; fileEncoding = 4; lastKnownFileType = sourcecode.c.h; path = IQTitleBarButtonItem.h; sourceTree = "<group>"; };
		3B04F9271AC3A26200831F41 /* IQTitleBarButtonItem.m */ = {isa = PBXFileReference; fileEncoding = 4; lastKnownFileType = sourcecode.c.objc; path = IQTitleBarButtonItem.m; sourceTree = "<group>"; };
		3B04F9281AC3A26200831F41 /* IQToolbar.h */ = {isa = PBXFileReference; fileEncoding = 4; lastKnownFileType = sourcecode.c.h; path = IQToolbar.h; sourceTree = "<group>"; };
		3B04F9291AC3A26200831F41 /* IQToolbar.m */ = {isa = PBXFileReference; fileEncoding = 4; lastKnownFileType = sourcecode.c.objc; path = IQToolbar.m; sourceTree = "<group>"; };
		3B04F92A1AC3A26200831F41 /* KeyboardManager.h */ = {isa = PBXFileReference; fileEncoding = 4; lastKnownFileType = sourcecode.c.h; path = KeyboardManager.h; sourceTree = "<group>"; };
		3B04F92B1AC3A26200831F41 /* NSArray+Sort.h */ = {isa = PBXFileReference; fileEncoding = 4; lastKnownFileType = sourcecode.c.h; path = "NSArray+Sort.h"; sourceTree = "<group>"; };
		3B04F92C1AC3A26200831F41 /* NSArray+Sort.m */ = {isa = PBXFileReference; fileEncoding = 4; lastKnownFileType = sourcecode.c.objc; path = "NSArray+Sort.m"; sourceTree = "<group>"; };
		3B04F92D1AC3A26200831F41 /* UIView+Hierarchy.h */ = {isa = PBXFileReference; fileEncoding = 4; lastKnownFileType = sourcecode.c.h; path = "UIView+Hierarchy.h"; sourceTree = "<group>"; };
		3B04F92E1AC3A26200831F41 /* UIView+Hierarchy.m */ = {isa = PBXFileReference; fileEncoding = 4; lastKnownFileType = sourcecode.c.objc; path = "UIView+Hierarchy.m"; sourceTree = "<group>"; };
		3B04F92F1AC3A26200831F41 /* UIView+IQKeyboardToolbar.h */ = {isa = PBXFileReference; fileEncoding = 4; lastKnownFileType = sourcecode.c.h; path = "UIView+IQKeyboardToolbar.h"; sourceTree = "<group>"; };
		3B04F9301AC3A26200831F41 /* UIView+IQKeyboardToolbar.m */ = {isa = PBXFileReference; fileEncoding = 4; lastKnownFileType = sourcecode.c.objc; path = "UIView+IQKeyboardToolbar.m"; sourceTree = "<group>"; };
		3B04F9311AC3A26200831F41 /* UIWindow+Hierarchy.h */ = {isa = PBXFileReference; fileEncoding = 4; lastKnownFileType = sourcecode.c.h; path = "UIWindow+Hierarchy.h"; sourceTree = "<group>"; };
		3B04F9321AC3A26200831F41 /* UIWindow+Hierarchy.m */ = {isa = PBXFileReference; fileEncoding = 4; lastKnownFileType = sourcecode.c.objc; path = "UIWindow+Hierarchy.m"; sourceTree = "<group>"; };
		3B04F93D1AC3E0A300831F41 /* cookbookViewController.xib */ = {isa = PBXFileReference; fileEncoding = 4; lastKnownFileType = file.xib; name = cookbookViewController.xib; path = foodsecurity/Classes/home/cookbookViewController.xib; sourceTree = SOURCE_ROOT; };
		3B3C48031AC95694005C895D /* noticeListModel.h */ = {isa = PBXFileReference; fileEncoding = 4; lastKnownFileType = sourcecode.c.h; path = noticeListModel.h; sourceTree = "<group>"; };
		3B3C48041AC95694005C895D /* noticeListModel.m */ = {isa = PBXFileReference; fileEncoding = 4; lastKnownFileType = sourcecode.c.objc; path = noticeListModel.m; sourceTree = "<group>"; };
		3BD5819C1ACCF67D006A60F3 /* NoticesModel.h */ = {isa = PBXFileReference; fileEncoding = 4; lastKnownFileType = sourcecode.c.h; path = NoticesModel.h; sourceTree = "<group>"; };
		3BD5819D1ACCF67D006A60F3 /* NoticesModel.m */ = {isa = PBXFileReference; fileEncoding = 4; lastKnownFileType = sourcecode.c.objc; path = NoticesModel.m; sourceTree = "<group>"; };
		3BD581A01ACD2085006A60F3 /* MJRefresh.bundle */ = {isa = PBXFileReference; lastKnownFileType = "wrapper.plug-in"; path = MJRefresh.bundle; sourceTree = "<group>"; };
		3BD581A11ACD2085006A60F3 /* MJRefresh.h */ = {isa = PBXFileReference; fileEncoding = 4; lastKnownFileType = sourcecode.c.h; path = MJRefresh.h; sourceTree = "<group>"; };
		3BD581A21ACD2085006A60F3 /* MJRefreshBaseView.h */ = {isa = PBXFileReference; fileEncoding = 4; lastKnownFileType = sourcecode.c.h; path = MJRefreshBaseView.h; sourceTree = "<group>"; };
		3BD581A31ACD2085006A60F3 /* MJRefreshBaseView.m */ = {isa = PBXFileReference; fileEncoding = 4; lastKnownFileType = sourcecode.c.objc; path = MJRefreshBaseView.m; sourceTree = "<group>"; };
		3BD581A41ACD2085006A60F3 /* MJRefreshConst.h */ = {isa = PBXFileReference; fileEncoding = 4; lastKnownFileType = sourcecode.c.h; path = MJRefreshConst.h; sourceTree = "<group>"; };
		3BD581A51ACD2085006A60F3 /* MJRefreshConst.m */ = {isa = PBXFileReference; fileEncoding = 4; lastKnownFileType = sourcecode.c.objc; path = MJRefreshConst.m; sourceTree = "<group>"; };
		3BD581A61ACD2085006A60F3 /* MJRefreshFooterView.h */ = {isa = PBXFileReference; fileEncoding = 4; lastKnownFileType = sourcecode.c.h; path = MJRefreshFooterView.h; sourceTree = "<group>"; };
		3BD581A71ACD2085006A60F3 /* MJRefreshFooterView.m */ = {isa = PBXFileReference; fileEncoding = 4; lastKnownFileType = sourcecode.c.objc; path = MJRefreshFooterView.m; sourceTree = "<group>"; };
		3BD581A81ACD2085006A60F3 /* MJRefreshHeaderView.h */ = {isa = PBXFileReference; fileEncoding = 4; lastKnownFileType = sourcecode.c.h; path = MJRefreshHeaderView.h; sourceTree = "<group>"; };
		3BD581A91ACD2085006A60F3 /* MJRefreshHeaderView.m */ = {isa = PBXFileReference; fileEncoding = 4; lastKnownFileType = sourcecode.c.objc; path = MJRefreshHeaderView.m; sourceTree = "<group>"; };
		3BD581AA1ACD2085006A60F3 /* UIScrollView+MJExtension.h */ = {isa = PBXFileReference; fileEncoding = 4; lastKnownFileType = sourcecode.c.h; path = "UIScrollView+MJExtension.h"; sourceTree = "<group>"; };
		3BD581AB1ACD2085006A60F3 /* UIScrollView+MJExtension.m */ = {isa = PBXFileReference; fileEncoding = 4; lastKnownFileType = sourcecode.c.objc; path = "UIScrollView+MJExtension.m"; sourceTree = "<group>"; };
		3BD581AC1ACD2085006A60F3 /* UIScrollView+MJRefresh.h */ = {isa = PBXFileReference; fileEncoding = 4; lastKnownFileType = sourcecode.c.h; path = "UIScrollView+MJRefresh.h"; sourceTree = "<group>"; };
		3BD581AD1ACD2085006A60F3 /* UIScrollView+MJRefresh.m */ = {isa = PBXFileReference; fileEncoding = 4; lastKnownFileType = sourcecode.c.objc; path = "UIScrollView+MJRefresh.m"; sourceTree = "<group>"; };
		3BD581AE1ACD2085006A60F3 /* UIView+MJExtension.h */ = {isa = PBXFileReference; fileEncoding = 4; lastKnownFileType = sourcecode.c.h; path = "UIView+MJExtension.h"; sourceTree = "<group>"; };
		3BD581AF1ACD2085006A60F3 /* UIView+MJExtension.m */ = {isa = PBXFileReference; fileEncoding = 4; lastKnownFileType = sourcecode.c.objc; path = "UIView+MJExtension.m"; sourceTree = "<group>"; };
		3BD581B81ACD276E006A60F3 /* noticeDetailViewController.h */ = {isa = PBXFileReference; fileEncoding = 4; lastKnownFileType = sourcecode.c.h; path = noticeDetailViewController.h; sourceTree = "<group>"; };
		3BD581B91ACD276E006A60F3 /* noticeDetailViewController.m */ = {isa = PBXFileReference; fileEncoding = 4; lastKnownFileType = sourcecode.c.objc; path = noticeDetailViewController.m; sourceTree = "<group>"; };
		3BD581BA1ACD276E006A60F3 /* noticeDetailViewController.xib */ = {isa = PBXFileReference; fileEncoding = 4; lastKnownFileType = file.xib; path = noticeDetailViewController.xib; sourceTree = "<group>"; };
		3BD581BD1ACD3861006A60F3 /* DayCookBookModel.h */ = {isa = PBXFileReference; fileEncoding = 4; lastKnownFileType = sourcecode.c.h; path = DayCookBookModel.h; sourceTree = "<group>"; };
		3BD581BE1ACD3861006A60F3 /* DayCookBookModel.m */ = {isa = PBXFileReference; fileEncoding = 4; lastKnownFileType = sourcecode.c.objc; path = DayCookBookModel.m; sourceTree = "<group>"; };
		3BD595591ACA324700C56BD4 /* adviceModel.h */ = {isa = PBXFileReference; fileEncoding = 4; lastKnownFileType = sourcecode.c.h; path = adviceModel.h; sourceTree = "<group>"; };
		3BD5955A1ACA324700C56BD4 /* adviceModel.m */ = {isa = PBXFileReference; fileEncoding = 4; lastKnownFileType = sourcecode.c.objc; path = adviceModel.m; sourceTree = "<group>"; };
		3BD93D931AC902B4005D11E4 /* cookBookModel.h */ = {isa = PBXFileReference; fileEncoding = 4; lastKnownFileType = sourcecode.c.h; path = cookBookModel.h; sourceTree = "<group>"; };
		3BD93D941AC902B4005D11E4 /* cookBookModel.m */ = {isa = PBXFileReference; fileEncoding = 4; lastKnownFileType = sourcecode.c.objc; path = cookBookModel.m; sourceTree = "<group>"; };
		82201BB51ABE9E1C004DA4E8 /* loginViewController.h */ = {isa = PBXFileReference; fileEncoding = 4; lastKnownFileType = sourcecode.c.h; path = loginViewController.h; sourceTree = "<group>"; };
		82201BB61ABE9E1C004DA4E8 /* loginViewController.m */ = {isa = PBXFileReference; fileEncoding = 4; lastKnownFileType = sourcecode.c.objc; path = loginViewController.m; sourceTree = "<group>"; };
		82201BB71ABE9E1C004DA4E8 /* loginViewController.xib */ = {isa = PBXFileReference; fileEncoding = 4; lastKnownFileType = file.xib; path = loginViewController.xib; sourceTree = "<group>"; };
		82201BBD1ABEBA75004DA4E8 /* API.h */ = {isa = PBXFileReference; fileEncoding = 4; lastKnownFileType = sourcecode.c.h; path = API.h; sourceTree = "<group>"; };
		82201BBE1ABEBA75004DA4E8 /* API.m */ = {isa = PBXFileReference; fileEncoding = 4; lastKnownFileType = sourcecode.c.objc; path = API.m; sourceTree = "<group>"; };
		82201BC01ABFADF6004DA4E8 /* loginModel.h */ = {isa = PBXFileReference; fileEncoding = 4; lastKnownFileType = sourcecode.c.h; path = loginModel.h; sourceTree = "<group>"; };
		82201BC11ABFADF6004DA4E8 /* loginModel.m */ = {isa = PBXFileReference; fileEncoding = 4; lastKnownFileType = sourcecode.c.objc; path = loginModel.m; sourceTree = "<group>"; };
		82201BC91ABFB69D004DA4E8 /* registOne.h */ = {isa = PBXFileReference; fileEncoding = 4; lastKnownFileType = sourcecode.c.h; path = registOne.h; sourceTree = "<group>"; };
		82201BCA1ABFB69D004DA4E8 /* registOne.m */ = {isa = PBXFileReference; fileEncoding = 4; lastKnownFileType = sourcecode.c.objc; path = registOne.m; sourceTree = "<group>"; };
		82201BCB1ABFB69D004DA4E8 /* registOne.xib */ = {isa = PBXFileReference; fileEncoding = 4; lastKnownFileType = file.xib; path = registOne.xib; sourceTree = "<group>"; };
		824983E51AC926BB00912514 /* noticeViewController.h */ = {isa = PBXFileReference; fileEncoding = 4; lastKnownFileType = sourcecode.c.h; path = noticeViewController.h; sourceTree = "<group>"; };
		824983E61AC926BB00912514 /* noticeViewController.m */ = {isa = PBXFileReference; fileEncoding = 4; lastKnownFileType = sourcecode.c.objc; path = noticeViewController.m; sourceTree = "<group>"; };
		824983E71AC926BB00912514 /* noticeViewController.xib */ = {isa = PBXFileReference; fileEncoding = 4; lastKnownFileType = file.xib; path = noticeViewController.xib; sourceTree = "<group>"; };
		824983EA1AC9270000912514 /* adviceViewController.h */ = {isa = PBXFileReference; fileEncoding = 4; lastKnownFileType = sourcecode.c.h; path = adviceViewController.h; sourceTree = "<group>"; };
		824983EB1AC9270000912514 /* adviceViewController.m */ = {isa = PBXFileReference; fileEncoding = 4; lastKnownFileType = sourcecode.c.objc; path = adviceViewController.m; sourceTree = "<group>"; };
		824983EC1AC9270000912514 /* adviceViewController.xib */ = {isa = PBXFileReference; fileEncoding = 4; lastKnownFileType = file.xib; path = adviceViewController.xib; sourceTree = "<group>"; };
		824983EF1AC9271C00912514 /* videoViewController.h */ = {isa = PBXFileReference; fileEncoding = 4; lastKnownFileType = sourcecode.c.h; path = videoViewController.h; sourceTree = "<group>"; };
		824983F01AC9271C00912514 /* videoViewController.m */ = {isa = PBXFileReference; fileEncoding = 4; lastKnownFileType = sourcecode.c.objc; path = videoViewController.m; sourceTree = "<group>"; };
		824983F11AC9271C00912514 /* videoViewController.xib */ = {isa = PBXFileReference; fileEncoding = 4; lastKnownFileType = file.xib; path = videoViewController.xib; sourceTree = "<group>"; };
		82519C0D1AC10781008422D2 /* menuView.h */ = {isa = PBXFileReference; fileEncoding = 4; lastKnownFileType = sourcecode.c.h; path = menuView.h; sourceTree = "<group>"; };
		82519C0E1AC10781008422D2 /* menuView.m */ = {isa = PBXFileReference; fileEncoding = 4; lastKnownFileType = sourcecode.c.objc; path = menuView.m; sourceTree = "<group>"; };
		8264F7581AC3E00C009F5C72 /* commonModel.h */ = {isa = PBXFileReference; fileEncoding = 4; lastKnownFileType = sourcecode.c.h; path = commonModel.h; sourceTree = "<group>"; };
		8264F7591AC3E00C009F5C72 /* commonModel.m */ = {isa = PBXFileReference; fileEncoding = 4; lastKnownFileType = sourcecode.c.objc; path = commonModel.m; sourceTree = "<group>"; };
		8264F8521AC64E1C009F5C72 /* UIKit.framework */ = {isa = PBXFileReference; lastKnownFileType = wrapper.framework; name = UIKit.framework; path = System/Library/Frameworks/UIKit.framework; sourceTree = SDKROOT; };
		8264F8541AC64E29009F5C72 /* Foundation.framework */ = {isa = PBXFileReference; lastKnownFileType = wrapper.framework; name = Foundation.framework; path = System/Library/Frameworks/Foundation.framework; sourceTree = SDKROOT; };
		8264F8561AC64E32009F5C72 /* AVFoundation.framework */ = {isa = PBXFileReference; lastKnownFileType = wrapper.framework; name = AVFoundation.framework; path = System/Library/Frameworks/AVFoundation.framework; sourceTree = SDKROOT; };
		8264F8581AC64E3A009F5C72 /* OpenGLES.framework */ = {isa = PBXFileReference; lastKnownFileType = wrapper.framework; name = OpenGLES.framework; path = System/Library/Frameworks/OpenGLES.framework; sourceTree = SDKROOT; };
		8264F85A1AC64E41009F5C72 /* OpenAL.framework */ = {isa = PBXFileReference; lastKnownFileType = wrapper.framework; name = OpenAL.framework; path = System/Library/Frameworks/OpenAL.framework; sourceTree = SDKROOT; };
		8264F85C1AC64E4B009F5C72 /* SystemConfiguration.framework */ = {isa = PBXFileReference; lastKnownFileType = wrapper.framework; name = SystemConfiguration.framework; path = System/Library/Frameworks/SystemConfiguration.framework; sourceTree = SDKROOT; };
		8264F85E1AC64E7F009F5C72 /* MobileCoreServices.framework */ = {isa = PBXFileReference; lastKnownFileType = wrapper.framework; name = MobileCoreServices.framework; path = System/Library/Frameworks/MobileCoreServices.framework; sourceTree = SDKROOT; };
		8264F8601AC64E8B009F5C72 /* AudioToolbox.framework */ = {isa = PBXFileReference; lastKnownFileType = wrapper.framework; name = AudioToolbox.framework; path = System/Library/Frameworks/AudioToolbox.framework; sourceTree = SDKROOT; };
		8264F8621AC64E95009F5C72 /* CoreMotion.framework */ = {isa = PBXFileReference; lastKnownFileType = wrapper.framework; name = CoreMotion.framework; path = System/Library/Frameworks/CoreMotion.framework; sourceTree = SDKROOT; };
		8264F8641AC64EA1009F5C72 /* libstdc++.dylib */ = {isa = PBXFileReference; lastKnownFileType = "compiled.mach-o.dylib"; name = "libstdc++.dylib"; path = "usr/lib/libstdc++.dylib"; sourceTree = SDKROOT; };
		8264F8661AC64EAC009F5C72 /* libiconv.2.4.0.dylib */ = {isa = PBXFileReference; lastKnownFileType = "compiled.mach-o.dylib"; name = libiconv.2.4.0.dylib; path = usr/lib/libiconv.2.4.0.dylib; sourceTree = SDKROOT; };
		8264F8681AC64F0E009F5C72 /* CoreData.framework */ = {isa = PBXFileReference; lastKnownFileType = wrapper.framework; name = CoreData.framework; path = System/Library/Frameworks/CoreData.framework; sourceTree = SDKROOT; };
		8264F8891AC78971009F5C72 /* EzvizOpenSDKBundle.bundle */ = {isa = PBXFileReference; lastKnownFileType = "wrapper.plug-in"; path = EzvizOpenSDKBundle.bundle; sourceTree = "<group>"; };
		8264F88A1AC78971009F5C72 /* libEzvizRealPlay.a */ = {isa = PBXFileReference; lastKnownFileType = archive.ar; path = libEzvizRealPlay.a; sourceTree = "<group>"; };
		8264F88B1AC78971009F5C72 /* libPods-AFNetworking.a */ = {isa = PBXFileReference; lastKnownFileType = archive.ar; path = "libPods-AFNetworking.a"; sourceTree = "<group>"; };
		8264F88C1AC78971009F5C72 /* libPods-SSKeychain.a */ = {isa = PBXFileReference; lastKnownFileType = archive.ar; path = "libPods-SSKeychain.a"; sourceTree = "<group>"; };
		8264F88D1AC78971009F5C72 /* libPods-ZBarSDK.a */ = {isa = PBXFileReference; lastKnownFileType = archive.ar; path = "libPods-ZBarSDK.a"; sourceTree = "<group>"; };
		8264F88E1AC78971009F5C72 /* NSData+AES128.h */ = {isa = PBXFileReference; fileEncoding = 4; lastKnownFileType = sourcecode.c.h; path = "NSData+AES128.h"; sourceTree = "<group>"; };
		8264F89C1AC78971009F5C72 /* SSKeychain.h */ = {isa = PBXFileReference; fileEncoding = 4; lastKnownFileType = sourcecode.c.h; path = SSKeychain.h; sourceTree = "<group>"; };
		8264F89D1AC78971009F5C72 /* SSKeychainQuery.h */ = {isa = PBXFileReference; fileEncoding = 4; lastKnownFileType = sourcecode.c.h; path = SSKeychainQuery.h; sourceTree = "<group>"; };
		8264F89F1AC78971009F5C72 /* config.h */ = {isa = PBXFileReference; fileEncoding = 4; lastKnownFileType = sourcecode.c.h; path = config.h; sourceTree = "<group>"; };
		8264F8A01AC78971009F5C72 /* debug.h */ = {isa = PBXFileReference; fileEncoding = 4; lastKnownFileType = sourcecode.c.h; path = debug.h; sourceTree = "<group>"; };
		8264F8A11AC78971009F5C72 /* zbar.h */ = {isa = PBXFileReference; fileEncoding = 4; lastKnownFileType = sourcecode.c.h; path = zbar.h; sourceTree = "<group>"; };
		8264F8A21AC78971009F5C72 /* ZBarCameraSimulator.h */ = {isa = PBXFileReference; fileEncoding = 4; lastKnownFileType = sourcecode.c.h; path = ZBarCameraSimulator.h; sourceTree = "<group>"; };
		8264F8A31AC78971009F5C72 /* ZBarCaptureReader.h */ = {isa = PBXFileReference; fileEncoding = 4; lastKnownFileType = sourcecode.c.h; path = ZBarCaptureReader.h; sourceTree = "<group>"; };
		8264F8A41AC78971009F5C72 /* ZBarCVImage.h */ = {isa = PBXFileReference; fileEncoding = 4; lastKnownFileType = sourcecode.c.h; path = ZBarCVImage.h; sourceTree = "<group>"; };
		8264F8A51AC78971009F5C72 /* ZBarHelpController.h */ = {isa = PBXFileReference; fileEncoding = 4; lastKnownFileType = sourcecode.c.h; path = ZBarHelpController.h; sourceTree = "<group>"; };
		8264F8A61AC78971009F5C72 /* ZBarImage.h */ = {isa = PBXFileReference; fileEncoding = 4; lastKnownFileType = sourcecode.c.h; path = ZBarImage.h; sourceTree = "<group>"; };
		8264F8A71AC78971009F5C72 /* ZBarImageScanner.h */ = {isa = PBXFileReference; fileEncoding = 4; lastKnownFileType = sourcecode.c.h; path = ZBarImageScanner.h; sourceTree = "<group>"; };
		8264F8A81AC78971009F5C72 /* ZBarReaderController.h */ = {isa = PBXFileReference; fileEncoding = 4; lastKnownFileType = sourcecode.c.h; path = ZBarReaderController.h; sourceTree = "<group>"; };
		8264F8A91AC78971009F5C72 /* ZBarReaderView.h */ = {isa = PBXFileReference; fileEncoding = 4; lastKnownFileType = sourcecode.c.h; path = ZBarReaderView.h; sourceTree = "<group>"; };
		8264F8AA1AC78971009F5C72 /* ZBarReaderViewController.h */ = {isa = PBXFileReference; fileEncoding = 4; lastKnownFileType = sourcecode.c.h; path = ZBarReaderViewController.h; sourceTree = "<group>"; };
		8264F8AB1AC78971009F5C72 /* ZBarSDK.h */ = {isa = PBXFileReference; fileEncoding = 4; lastKnownFileType = sourcecode.c.h; path = ZBarSDK.h; sourceTree = "<group>"; };
		8264F8AC1AC78971009F5C72 /* ZBarSymbol.h */ = {isa = PBXFileReference; fileEncoding = 4; lastKnownFileType = sourcecode.c.h; path = ZBarSymbol.h; sourceTree = "<group>"; };
		8264F8AD1AC78971009F5C72 /* YSConstStrings.h */ = {isa = PBXFileReference; fileEncoding = 4; lastKnownFileType = sourcecode.c.h; path = YSConstStrings.h; sourceTree = "<group>"; };
		8264F8AE1AC78971009F5C72 /* YSHTTPClient.h */ = {isa = PBXFileReference; fileEncoding = 4; lastKnownFileType = sourcecode.c.h; path = YSHTTPClient.h; sourceTree = "<group>"; };
		8264F8AF1AC78971009F5C72 /* YSMobilePages.h */ = {isa = PBXFileReference; fileEncoding = 4; lastKnownFileType = sourcecode.c.h; path = YSMobilePages.h; sourceTree = "<group>"; };
		8264F8B01AC78971009F5C72 /* YSPlayerController.h */ = {isa = PBXFileReference; fileEncoding = 4; lastKnownFileType = sourcecode.c.h; path = YSPlayerController.h; sourceTree = "<group>"; };
		8264F9141AC8E4EC009F5C72 /* AFHTTPClient.h */ = {isa = PBXFileReference; fileEncoding = 4; lastKnownFileType = sourcecode.c.h; path = AFHTTPClient.h; sourceTree = "<group>"; };
		8264F9151AC8E4EC009F5C72 /* AFHTTPRequestOperation.h */ = {isa = PBXFileReference; fileEncoding = 4; lastKnownFileType = sourcecode.c.h; path = AFHTTPRequestOperation.h; sourceTree = "<group>"; };
		8264F9161AC8E4EC009F5C72 /* AFImageRequestOperation.h */ = {isa = PBXFileReference; fileEncoding = 4; lastKnownFileType = sourcecode.c.h; path = AFImageRequestOperation.h; sourceTree = "<group>"; };
		8264F9171AC8E4EC009F5C72 /* AFJSONRequestOperation.h */ = {isa = PBXFileReference; fileEncoding = 4; lastKnownFileType = sourcecode.c.h; path = AFJSONRequestOperation.h; sourceTree = "<group>"; };
		8264F9181AC8E4EC009F5C72 /* AFNetworkActivityIndicatorManager.h */ = {isa = PBXFileReference; fileEncoding = 4; lastKnownFileType = sourcecode.c.h; path = AFNetworkActivityIndicatorManager.h; sourceTree = "<group>"; };
		8264F9191AC8E4EC009F5C72 /* AFNetworking.h */ = {isa = PBXFileReference; fileEncoding = 4; lastKnownFileType = sourcecode.c.h; path = AFNetworking.h; sourceTree = "<group>"; };
		8264F91A1AC8E4EC009F5C72 /* AFPropertyListRequestOperation.h */ = {isa = PBXFileReference; fileEncoding = 4; lastKnownFileType = sourcecode.c.h; path = AFPropertyListRequestOperation.h; sourceTree = "<group>"; };
		8264F91B1AC8E4EC009F5C72 /* AFURLConnectionOperation.h */ = {isa = PBXFileReference; fileEncoding = 4; lastKnownFileType = sourcecode.c.h; path = AFURLConnectionOperation.h; sourceTree = "<group>"; };
		8264F91C1AC8E4EC009F5C72 /* AFXMLRequestOperation.h */ = {isa = PBXFileReference; fileEncoding = 4; lastKnownFileType = sourcecode.c.h; path = AFXMLRequestOperation.h; sourceTree = "<group>"; };
		8264F91D1AC8E4EC009F5C72 /* UIImageView+AFNetworking.h */ = {isa = PBXFileReference; fileEncoding = 4; lastKnownFileType = sourcecode.c.h; path = "UIImageView+AFNetworking.h"; sourceTree = "<group>"; };
		82AABC111ABBF5590004306C /* foodsecurity.app */ = {isa = PBXFileReference; explicitFileType = wrapper.application; includeInIndex = 0; path = foodsecurity.app; sourceTree = BUILT_PRODUCTS_DIR; };
		82AABC151ABBF5590004306C /* Info.plist */ = {isa = PBXFileReference; lastKnownFileType = text.plist.xml; path = Info.plist; sourceTree = "<group>"; };
		82AABC161ABBF5590004306C /* main.m */ = {isa = PBXFileReference; lastKnownFileType = sourcecode.c.objc; path = main.m; sourceTree = "<group>"; };
		82AABC181ABBF5590004306C /* AppDelegate.h */ = {isa = PBXFileReference; lastKnownFileType = sourcecode.c.h; path = AppDelegate.h; sourceTree = "<group>"; };
		82AABC191ABBF5590004306C /* AppDelegate.m */ = {isa = PBXFileReference; lastKnownFileType = sourcecode.c.objc; path = AppDelegate.m; sourceTree = "<group>"; };
		82AABC1B1ABBF5590004306C /* Images.xcassets */ = {isa = PBXFileReference; lastKnownFileType = folder.assetcatalog; path = Images.xcassets; sourceTree = "<group>"; };
		82AABC1E1ABBF5590004306C /* Base */ = {isa = PBXFileReference; lastKnownFileType = file.xib; name = Base; path = Base.lproj/LaunchScreen.xib; sourceTree = "<group>"; };
		82AABC241ABBF5590004306C /* foodsecurityTests.xctest */ = {isa = PBXFileReference; explicitFileType = wrapper.cfbundle; includeInIndex = 0; path = foodsecurityTests.xctest; sourceTree = BUILT_PRODUCTS_DIR; };
		82AABC291ABBF5590004306C /* Info.plist */ = {isa = PBXFileReference; lastKnownFileType = text.plist.xml; path = Info.plist; sourceTree = "<group>"; };
		82AABC2A1ABBF5590004306C /* foodsecurityTests.m */ = {isa = PBXFileReference; lastKnownFileType = sourcecode.c.objc; path = foodsecurityTests.m; sourceTree = "<group>"; };
		82AABC3F1ABC022E0004306C /* homeViewController.h */ = {isa = PBXFileReference; fileEncoding = 4; lastKnownFileType = sourcecode.c.h; path = homeViewController.h; sourceTree = "<group>"; };
		82AABC401ABC022E0004306C /* homeViewController.m */ = {isa = PBXFileReference; fileEncoding = 4; lastKnownFileType = sourcecode.c.objc; path = homeViewController.m; sourceTree = "<group>"; };
		82AABC411ABC022E0004306C /* homeViewController.xib */ = {isa = PBXFileReference; fileEncoding = 4; lastKnownFileType = file.xib; path = homeViewController.xib; sourceTree = "<group>"; };
		82AABC451ABC02A30004306C /* commonNavigation.h */ = {isa = PBXFileReference; fileEncoding = 4; lastKnownFileType = sourcecode.c.h; path = commonNavigation.h; sourceTree = "<group>"; };
		82AABC461ABC02A30004306C /* commonNavigation.m */ = {isa = PBXFileReference; fileEncoding = 4; lastKnownFileType = sourcecode.c.objc; path = commonNavigation.m; sourceTree = "<group>"; };
		82AABC471ABC02A30004306C /* commonNavigation.xib */ = {isa = PBXFileReference; fileEncoding = 4; lastKnownFileType = file.xib; path = commonNavigation.xib; sourceTree = "<group>"; };
		82AABC811ABC0EB60004306C /* communicateViewController.h */ = {isa = PBXFileReference; fileEncoding = 4; lastKnownFileType = sourcecode.c.h; path = communicateViewController.h; sourceTree = "<group>"; };
		82AABC821ABC0EB60004306C /* communicateViewController.m */ = {isa = PBXFileReference; fileEncoding = 4; lastKnownFileType = sourcecode.c.objc; path = communicateViewController.m; sourceTree = "<group>"; };
		82AABC831ABC0EB60004306C /* communicateViewController.xib */ = {isa = PBXFileReference; fileEncoding = 4; lastKnownFileType = file.xib; path = communicateViewController.xib; sourceTree = "<group>"; };
		82AABC861ABC0ED10004306C /* cookbookViewController.h */ = {isa = PBXFileReference; fileEncoding = 4; lastKnownFileType = sourcecode.c.h; path = cookbookViewController.h; sourceTree = "<group>"; };
		82AABC871ABC0ED10004306C /* cookbookViewController.m */ = {isa = PBXFileReference; fileEncoding = 4; lastKnownFileType = sourcecode.c.objc; path = cookbookViewController.m; sourceTree = "<group>"; };
		82F645FC1AC29879004EB124 /* accountManager.h */ = {isa = PBXFileReference; fileEncoding = 4; lastKnownFileType = sourcecode.c.h; path = accountManager.h; sourceTree = "<group>"; };
		82F645FD1AC29879004EB124 /* accountManager.m */ = {isa = PBXFileReference; fileEncoding = 4; lastKnownFileType = sourcecode.c.objc; path = accountManager.m; sourceTree = "<group>"; };
		82F645FE1AC29879004EB124 /* accountManager.xib */ = {isa = PBXFileReference; fileEncoding = 4; lastKnownFileType = file.xib; path = accountManager.xib; sourceTree = "<group>"; };
/* End PBXFileReference section */

/* Begin PBXFrameworksBuildPhase section */
		82AABC0E1ABBF5590004306C /* Frameworks */ = {
			isa = PBXFrameworksBuildPhase;
			buildActionMask = 2147483647;
			files = (
				824983DE1AC9243F00912514 /* libstdc++.dylib in Frameworks */,
				824983DD1AC9243800912514 /* libiconv.2.4.0.dylib in Frameworks */,
				8264F8CC1AC8DDAF009F5C72 /* UIKit.framework in Frameworks */,
				8264F8CB1AC8DDA9009F5C72 /* Foundation.framework in Frameworks */,
				8264F8CA1AC8DD9F009F5C72 /* AVFoundation.framework in Frameworks */,
				8264F8C81AC8DD9B009F5C72 /* OpenAL.framework in Frameworks */,
				8264F8C91AC8DD9B009F5C72 /* OpenGLES.framework in Frameworks */,
				8264F8C71AC8DD92009F5C72 /* SystemConfiguration.framework in Frameworks */,
				8264F8C61AC8DD88009F5C72 /* MobileCoreServices.framework in Frameworks */,
				8264F8C51AC8DD81009F5C72 /* AudioToolbox.framework in Frameworks */,
				8264F8C41AC8DD7C009F5C72 /* CoreMotion.framework in Frameworks */,
				8264F8C11AC8DD69009F5C72 /* CoreData.framework in Frameworks */,
				8264F8B31AC78971009F5C72 /* libPods-AFNetworking.a in Frameworks */,
				8264F8B41AC78971009F5C72 /* libPods-SSKeychain.a in Frameworks */,
				8264F8B21AC78971009F5C72 /* libEzvizRealPlay.a in Frameworks */,
				8264F8B51AC78971009F5C72 /* libPods-ZBarSDK.a in Frameworks */,
			);
			runOnlyForDeploymentPostprocessing = 0;
		};
		82AABC211ABBF5590004306C /* Frameworks */ = {
			isa = PBXFrameworksBuildPhase;
			buildActionMask = 2147483647;
			files = (
			);
			runOnlyForDeploymentPostprocessing = 0;
		};
/* End PBXFrameworksBuildPhase section */

/* Begin PBXGroup section */
		3B04F91C1AC3A26200831F41 /* IQKeyBoardManager */ = {
			isa = PBXGroup;
			children = (
				3B04F91D1AC3A26200831F41 /* IQKeyboardManager.bundle */,
				3B04F91E1AC3A26200831F41 /* IQKeyboardManager.h */,
				3B04F91F1AC3A26200831F41 /* IQKeyboardManager.m */,
				3B04F9201AC3A26200831F41 /* IQKeyboardManagerConstants.h */,
				3B04F9211AC3A26200831F41 /* IQKeyboardManagerConstantsInternal.h */,
				3B04F9221AC3A26200831F41 /* IQSegmentedNextPrevious.h */,
				3B04F9231AC3A26200831F41 /* IQSegmentedNextPrevious.m */,
				3B04F9241AC3A26200831F41 /* IQTextView.h */,
				3B04F9251AC3A26200831F41 /* IQTextView.m */,
				3B04F9261AC3A26200831F41 /* IQTitleBarButtonItem.h */,
				3B04F9271AC3A26200831F41 /* IQTitleBarButtonItem.m */,
				3B04F9281AC3A26200831F41 /* IQToolbar.h */,
				3B04F9291AC3A26200831F41 /* IQToolbar.m */,
				3B04F92A1AC3A26200831F41 /* KeyboardManager.h */,
				3B04F92B1AC3A26200831F41 /* NSArray+Sort.h */,
				3B04F92C1AC3A26200831F41 /* NSArray+Sort.m */,
				3B04F92D1AC3A26200831F41 /* UIView+Hierarchy.h */,
				3B04F92E1AC3A26200831F41 /* UIView+Hierarchy.m */,
				3B04F92F1AC3A26200831F41 /* UIView+IQKeyboardToolbar.h */,
				3B04F9301AC3A26200831F41 /* UIView+IQKeyboardToolbar.m */,
				3B04F9311AC3A26200831F41 /* UIWindow+Hierarchy.h */,
				3B04F9321AC3A26200831F41 /* UIWindow+Hierarchy.m */,
			);
			path = IQKeyBoardManager;
			sourceTree = "<group>";
		};
		3BD5819F1ACD2085006A60F3 /* MJRefresh */ = {
			isa = PBXGroup;
			children = (
				3BD581A01ACD2085006A60F3 /* MJRefresh.bundle */,
				3BD581A11ACD2085006A60F3 /* MJRefresh.h */,
				3BD581A21ACD2085006A60F3 /* MJRefreshBaseView.h */,
				3BD581A31ACD2085006A60F3 /* MJRefreshBaseView.m */,
				3BD581A41ACD2085006A60F3 /* MJRefreshConst.h */,
				3BD581A51ACD2085006A60F3 /* MJRefreshConst.m */,
				3BD581A61ACD2085006A60F3 /* MJRefreshFooterView.h */,
				3BD581A71ACD2085006A60F3 /* MJRefreshFooterView.m */,
				3BD581A81ACD2085006A60F3 /* MJRefreshHeaderView.h */,
				3BD581A91ACD2085006A60F3 /* MJRefreshHeaderView.m */,
				3BD581AA1ACD2085006A60F3 /* UIScrollView+MJExtension.h */,
				3BD581AB1ACD2085006A60F3 /* UIScrollView+MJExtension.m */,
				3BD581AC1ACD2085006A60F3 /* UIScrollView+MJRefresh.h */,
				3BD581AD1ACD2085006A60F3 /* UIScrollView+MJRefresh.m */,
				3BD581AE1ACD2085006A60F3 /* UIView+MJExtension.h */,
				3BD581AF1ACD2085006A60F3 /* UIView+MJExtension.m */,
			);
			path = MJRefresh;
			sourceTree = "<group>";
		};
		82201BBA1ABEB26D004DA4E8 /* controllers */ = {
			isa = PBXGroup;
			children = (
				82201BB51ABE9E1C004DA4E8 /* loginViewController.h */,
				82201BB61ABE9E1C004DA4E8 /* loginViewController.m */,
				82201BB71ABE9E1C004DA4E8 /* loginViewController.xib */,
			);
			name = controllers;
			sourceTree = "<group>";
		};
		82201BBB1ABEB28D004DA4E8 /* model */ = {
			isa = PBXGroup;
			children = (
				82201BC01ABFADF6004DA4E8 /* loginModel.h */,
				82201BC11ABFADF6004DA4E8 /* loginModel.m */,
			);
			name = model;
			sourceTree = "<group>";
		};
		82201BBC1ABEB297004DA4E8 /* views */ = {
			isa = PBXGroup;
			children = (
			);
			name = views;
			sourceTree = "<group>";
		};
		82201BC41ABFB4EC004DA4E8 /* rigistOne */ = {
			isa = PBXGroup;
			children = (
				82201BC81ABFB681004DA4E8 /* model */,
				82201BC71ABFB67A004DA4E8 /* controller */,
			);
			name = rigistOne;
			sourceTree = "<group>";
		};
		82201BC51ABFB4F8004DA4E8 /* registTwo */ = {
			isa = PBXGroup;
			children = (
			);
			name = registTwo;
			sourceTree = "<group>";
		};
		82201BC61ABFB4FF004DA4E8 /* registThree */ = {
			isa = PBXGroup;
			children = (
			);
			name = registThree;
			sourceTree = "<group>";
		};
		82201BC71ABFB67A004DA4E8 /* controller */ = {
			isa = PBXGroup;
			children = (
				82201BC91ABFB69D004DA4E8 /* registOne.h */,
				82201BCA1ABFB69D004DA4E8 /* registOne.m */,
				82201BCB1ABFB69D004DA4E8 /* registOne.xib */,
			);
			name = controller;
			sourceTree = "<group>";
		};
		82201BC81ABFB681004DA4E8 /* model */ = {
			isa = PBXGroup;
			children = (
			);
			name = model;
			sourceTree = "<group>";
		};
		82519C091AC1073F008422D2 /* nemuView */ = {
			isa = PBXGroup;
			children = (
				82519C0D1AC10781008422D2 /* menuView.h */,
				82519C0E1AC10781008422D2 /* menuView.m */,
			);
			name = nemuView;
			sourceTree = "<group>";
		};
		8264F8881AC78971009F5C72 /* SDK */ = {
			isa = PBXGroup;
			children = (
				8264F8891AC78971009F5C72 /* EzvizOpenSDKBundle.bundle */,
				8264F88A1AC78971009F5C72 /* libEzvizRealPlay.a */,
				8264F88B1AC78971009F5C72 /* libPods-AFNetworking.a */,
				8264F88C1AC78971009F5C72 /* libPods-SSKeychain.a */,
				8264F88D1AC78971009F5C72 /* libPods-ZBarSDK.a */,
				8264F88E1AC78971009F5C72 /* NSData+AES128.h */,
				8264F88F1AC78971009F5C72 /* Public */,
				8264F8AD1AC78971009F5C72 /* YSConstStrings.h */,
				8264F8AE1AC78971009F5C72 /* YSHTTPClient.h */,
				8264F8AF1AC78971009F5C72 /* YSMobilePages.h */,
				8264F8B01AC78971009F5C72 /* YSPlayerController.h */,
			);
			path = SDK;
			sourceTree = "<group>";
		};
		8264F88F1AC78971009F5C72 /* Public */ = {
			isa = PBXGroup;
			children = (
				8264F9131AC8E4EC009F5C72 /* AFNetworking */,
				8264F89B1AC78971009F5C72 /* SSKeychain */,
				8264F89E1AC78971009F5C72 /* ZBarSDK */,
			);
			path = Public;
			sourceTree = "<group>";
		};
		8264F89B1AC78971009F5C72 /* SSKeychain */ = {
			isa = PBXGroup;
			children = (
				8264F89C1AC78971009F5C72 /* SSKeychain.h */,
				8264F89D1AC78971009F5C72 /* SSKeychainQuery.h */,
			);
			path = SSKeychain;
			sourceTree = "<group>";
		};
		8264F89E1AC78971009F5C72 /* ZBarSDK */ = {
			isa = PBXGroup;
			children = (
				8264F89F1AC78971009F5C72 /* config.h */,
				8264F8A01AC78971009F5C72 /* debug.h */,
				8264F8A11AC78971009F5C72 /* zbar.h */,
				8264F8A21AC78971009F5C72 /* ZBarCameraSimulator.h */,
				8264F8A31AC78971009F5C72 /* ZBarCaptureReader.h */,
				8264F8A41AC78971009F5C72 /* ZBarCVImage.h */,
				8264F8A51AC78971009F5C72 /* ZBarHelpController.h */,
				8264F8A61AC78971009F5C72 /* ZBarImage.h */,
				8264F8A71AC78971009F5C72 /* ZBarImageScanner.h */,
				8264F8A81AC78971009F5C72 /* ZBarReaderController.h */,
				8264F8A91AC78971009F5C72 /* ZBarReaderView.h */,
				8264F8AA1AC78971009F5C72 /* ZBarReaderViewController.h */,
				8264F8AB1AC78971009F5C72 /* ZBarSDK.h */,
				8264F8AC1AC78971009F5C72 /* ZBarSymbol.h */,
			);
			path = ZBarSDK;
			sourceTree = "<group>";
		};
		8264F9131AC8E4EC009F5C72 /* AFNetworking */ = {
			isa = PBXGroup;
			children = (
				8264F9141AC8E4EC009F5C72 /* AFHTTPClient.h */,
				8264F9151AC8E4EC009F5C72 /* AFHTTPRequestOperation.h */,
				8264F9161AC8E4EC009F5C72 /* AFImageRequestOperation.h */,
				8264F9171AC8E4EC009F5C72 /* AFJSONRequestOperation.h */,
				8264F9181AC8E4EC009F5C72 /* AFNetworkActivityIndicatorManager.h */,
				8264F9191AC8E4EC009F5C72 /* AFNetworking.h */,
				8264F91A1AC8E4EC009F5C72 /* AFPropertyListRequestOperation.h */,
				8264F91B1AC8E4EC009F5C72 /* AFURLConnectionOperation.h */,
				8264F91C1AC8E4EC009F5C72 /* AFXMLRequestOperation.h */,
				8264F91D1AC8E4EC009F5C72 /* UIImageView+AFNetworking.h */,
			);
			path = AFNetworking;
			sourceTree = "<group>";
		};
		8287801D1AC90A77004CC253 /* advice */ = {
			isa = PBXGroup;
			children = (
				824983EA1AC9270000912514 /* adviceViewController.h */,
				824983EB1AC9270000912514 /* adviceViewController.m */,
				824983EC1AC9270000912514 /* adviceViewController.xib */,
				3B023A7E1ACE2FF9008E3ED4 /* ToAdviceViewController.h */,
				3B023A7F1ACE2FF9008E3ED4 /* ToAdviceViewController.m */,
				3B023A801ACE2FF9008E3ED4 /* ToAdviceViewController.xib */,
				3BD595591ACA324700C56BD4 /* adviceModel.h */,
				3BD5955A1ACA324700C56BD4 /* adviceModel.m */,
				3B023A831ACE37FF008E3ED4 /* ToAdviceModel.h */,
				3B023A841ACE37FF008E3ED4 /* ToAdviceModel.m */,
			);
			path = advice;
			sourceTree = "<group>";
		};
		8287801E1AC90A77004CC253 /* notice */ = {
			isa = PBXGroup;
			children = (
				824983E51AC926BB00912514 /* noticeViewController.h */,
				824983E61AC926BB00912514 /* noticeViewController.m */,
				824983E71AC926BB00912514 /* noticeViewController.xib */,
				3BD581B81ACD276E006A60F3 /* noticeDetailViewController.h */,
				3BD581B91ACD276E006A60F3 /* noticeDetailViewController.m */,
				3BD581BA1ACD276E006A60F3 /* noticeDetailViewController.xib */,
				3B3C48031AC95694005C895D /* noticeListModel.h */,
				3B3C48041AC95694005C895D /* noticeListModel.m */,
				3BD5819C1ACCF67D006A60F3 /* NoticesModel.h */,
				3BD5819D1ACCF67D006A60F3 /* NoticesModel.m */,
			);
			path = notice;
			sourceTree = "<group>";
		};
		82AABC081ABBF5590004306C = {
			isa = PBXGroup;
			children = (
				8264F8681AC64F0E009F5C72 /* CoreData.framework */,
				8264F8661AC64EAC009F5C72 /* libiconv.2.4.0.dylib */,
				8264F8641AC64EA1009F5C72 /* libstdc++.dylib */,
				8264F8621AC64E95009F5C72 /* CoreMotion.framework */,
				8264F8601AC64E8B009F5C72 /* AudioToolbox.framework */,
				8264F85E1AC64E7F009F5C72 /* MobileCoreServices.framework */,
				8264F85C1AC64E4B009F5C72 /* SystemConfiguration.framework */,
				8264F85A1AC64E41009F5C72 /* OpenAL.framework */,
				8264F8581AC64E3A009F5C72 /* OpenGLES.framework */,
				8264F8561AC64E32009F5C72 /* AVFoundation.framework */,
				8264F8541AC64E29009F5C72 /* Foundation.framework */,
				8264F8521AC64E1C009F5C72 /* UIKit.framework */,
				82AABC131ABBF5590004306C /* foodsecurity */,
				82AABC271ABBF5590004306C /* foodsecurityTests */,
				82AABC121ABBF5590004306C /* Products */,
			);
			sourceTree = "<group>";
		};
		82AABC121ABBF5590004306C /* Products */ = {
			isa = PBXGroup;
			children = (
				82AABC111ABBF5590004306C /* foodsecurity.app */,
				82AABC241ABBF5590004306C /* foodsecurityTests.xctest */,
			);
			name = Products;
			sourceTree = "<group>";
		};
		82AABC131ABBF5590004306C /* foodsecurity */ = {
			isa = PBXGroup;
			children = (
				82AABC341ABBFD2E0004306C /* Classes */,
				82AABC181ABBF5590004306C /* AppDelegate.h */,
				82AABC191ABBF5590004306C /* AppDelegate.m */,
				82AABC1B1ABBF5590004306C /* Images.xcassets */,
				82AABC1D1ABBF5590004306C /* LaunchScreen.xib */,
				82AABC141ABBF5590004306C /* Supporting Files */,
			);
			path = foodsecurity;
			sourceTree = "<group>";
		};
		82AABC141ABBF5590004306C /* Supporting Files */ = {
			isa = PBXGroup;
			children = (
				82AABC151ABBF5590004306C /* Info.plist */,
				82AABC161ABBF5590004306C /* main.m */,
			);
			name = "Supporting Files";
			sourceTree = "<group>";
		};
		82AABC271ABBF5590004306C /* foodsecurityTests */ = {
			isa = PBXGroup;
			children = (
				82AABC2A1ABBF5590004306C /* foodsecurityTests.m */,
				82AABC281ABBF5590004306C /* Supporting Files */,
			);
			path = foodsecurityTests;
			sourceTree = "<group>";
		};
		82AABC281ABBF5590004306C /* Supporting Files */ = {
			isa = PBXGroup;
			children = (
				82AABC291ABBF5590004306C /* Info.plist */,
			);
			name = "Supporting Files";
			sourceTree = "<group>";
		};
		82AABC341ABBFD2E0004306C /* Classes */ = {
			isa = PBXGroup;
			children = (
				82AABC351ABBFD2E0004306C /* account */,
				82AABC391ABBFD2E0004306C /* home */,
				82AABC3D1ABBFD2E0004306C /* Libs */,
			);
			path = Classes;
			sourceTree = "<group>";
		};
		82AABC351ABBFD2E0004306C /* account */ = {
			isa = PBXGroup;
			children = (
				82AABC361ABBFD2E0004306C /* login */,
				82AABC371ABBFD2E0004306C /* manage */,
				82AABC381ABBFD2E0004306C /* regist */,
			);
			path = account;
			sourceTree = "<group>";
		};
		82AABC361ABBFD2E0004306C /* login */ = {
			isa = PBXGroup;
			children = (
				82201BBC1ABEB297004DA4E8 /* views */,
				82201BBB1ABEB28D004DA4E8 /* model */,
				82201BBA1ABEB26D004DA4E8 /* controllers */,
			);
			path = login;
			sourceTree = "<group>";
		};
		82AABC371ABBFD2E0004306C /* manage */ = {
			isa = PBXGroup;
			children = (
				82F645FC1AC29879004EB124 /* accountManager.h */,
				82F645FD1AC29879004EB124 /* accountManager.m */,
				82F645FE1AC29879004EB124 /* accountManager.xib */,
			);
			path = manage;
			sourceTree = "<group>";
		};
		82AABC381ABBFD2E0004306C /* regist */ = {
			isa = PBXGroup;
			children = (
				82201BC41ABFB4EC004DA4E8 /* rigistOne */,
				82201BC51ABFB4F8004DA4E8 /* registTwo */,
				82201BC61ABFB4FF004DA4E8 /* registThree */,
			);
			path = regist;
			sourceTree = "<group>";
		};
		82AABC391ABBFD2E0004306C /* home */ = {
			isa = PBXGroup;
			children = (
				8287801D1AC90A77004CC253 /* advice */,
				8287801E1AC90A77004CC253 /* notice */,
				82AABC3E1ABC02170004306C /* basicView */,
				82AABC3A1ABBFD2E0004306C /* communicate */,
				82AABC3B1ABBFD2E0004306C /* cookbook */,
				82AABC3C1ABBFD2E0004306C /* video */,
			);
			path = home;
			sourceTree = "<group>";
		};
		82AABC3A1ABBFD2E0004306C /* communicate */ = {
			isa = PBXGroup;
			children = (
				82AABC811ABC0EB60004306C /* communicateViewController.h */,
				82AABC821ABC0EB60004306C /* communicateViewController.m */,
				82AABC831ABC0EB60004306C /* communicateViewController.xib */,
			);
			path = communicate;
			sourceTree = "<group>";
		};
		82AABC3B1ABBFD2E0004306C /* cookbook */ = {
			isa = PBXGroup;
			children = (
				82AABC861ABC0ED10004306C /* cookbookViewController.h */,
				82AABC871ABC0ED10004306C /* cookbookViewController.m */,
				3B04F93D1AC3E0A300831F41 /* cookbookViewController.xib */,
				3BD93D931AC902B4005D11E4 /* cookBookModel.h */,
				3BD93D941AC902B4005D11E4 /* cookBookModel.m */,
				3BD581BD1ACD3861006A60F3 /* DayCookBookModel.h */,
				3BD581BE1ACD3861006A60F3 /* DayCookBookModel.m */,
			);
			path = cookbook;
			sourceTree = "<group>";
		};
		82AABC3C1ABBFD2E0004306C /* video */ = {
			isa = PBXGroup;
			children = (
				824983EF1AC9271C00912514 /* videoViewController.h */,
				824983F01AC9271C00912514 /* videoViewController.m */,
				824983F11AC9271C00912514 /* videoViewController.xib */,
				82F646071AC39446004EB124 /* models */,
			);
			path = video;
			sourceTree = "<group>";
		};
		82AABC3D1ABBFD2E0004306C /* Libs */ = {
			isa = PBXGroup;
			children = (
				3BD5819F1ACD2085006A60F3 /* MJRefresh */,
				8264F8881AC78971009F5C72 /* SDK */,
				3B04F91C1AC3A26200831F41 /* IQKeyBoardManager */,
				82AABC441ABC027D0004306C /* common */,
			);
			path = Libs;
			sourceTree = "<group>";
		};
		82AABC3E1ABC02170004306C /* basicView */ = {
			isa = PBXGroup;
			children = (
				82519C091AC1073F008422D2 /* nemuView */,
				82AABC3F1ABC022E0004306C /* homeViewController.h */,
				82AABC401ABC022E0004306C /* homeViewController.m */,
				82AABC411ABC022E0004306C /* homeViewController.xib */,
			);
			path = basicView;
			sourceTree = "<group>";
		};
		82AABC441ABC027D0004306C /* common */ = {
			isa = PBXGroup;
			children = (
				82AABC451ABC02A30004306C /* commonNavigation.h */,
				82AABC461ABC02A30004306C /* commonNavigation.m */,
				82AABC471ABC02A30004306C /* commonNavigation.xib */,
				82201BBD1ABEBA75004DA4E8 /* API.h */,
				82201BBE1ABEBA75004DA4E8 /* API.m */,
				8264F7581AC3E00C009F5C72 /* commonModel.h */,
				8264F7591AC3E00C009F5C72 /* commonModel.m */,
				3B023A891ACE6656008E3ED4 /* PrintObject.h */,
				3B023A8A1ACE6656008E3ED4 /* PrintObject.m */,
			);
			path = common;
			sourceTree = "<group>";
		};
		82F646071AC39446004EB124 /* models */ = {
			isa = PBXGroup;
			children = (
			);
			name = models;
			sourceTree = "<group>";
		};
/* End PBXGroup section */

/* Begin PBXNativeTarget section */
		82AABC101ABBF5590004306C /* foodsecurity */ = {
			isa = PBXNativeTarget;
			buildConfigurationList = 82AABC2E1ABBF5590004306C /* Build configuration list for PBXNativeTarget "foodsecurity" */;
			buildPhases = (
				82AABC0D1ABBF5590004306C /* Sources */,
				82AABC0E1ABBF5590004306C /* Frameworks */,
				82AABC0F1ABBF5590004306C /* Resources */,
			);
			buildRules = (
			);
			dependencies = (
			);
			name = foodsecurity;
			productName = foodsecurity;
			productReference = 82AABC111ABBF5590004306C /* foodsecurity.app */;
			productType = "com.apple.product-type.application";
		};
		82AABC231ABBF5590004306C /* foodsecurityTests */ = {
			isa = PBXNativeTarget;
			buildConfigurationList = 82AABC311ABBF5590004306C /* Build configuration list for PBXNativeTarget "foodsecurityTests" */;
			buildPhases = (
				82AABC201ABBF5590004306C /* Sources */,
				82AABC211ABBF5590004306C /* Frameworks */,
				82AABC221ABBF5590004306C /* Resources */,
			);
			buildRules = (
			);
			dependencies = (
				82AABC261ABBF5590004306C /* PBXTargetDependency */,
			);
			name = foodsecurityTests;
			productName = foodsecurityTests;
			productReference = 82AABC241ABBF5590004306C /* foodsecurityTests.xctest */;
			productType = "com.apple.product-type.bundle.unit-test";
		};
/* End PBXNativeTarget section */

/* Begin PBXProject section */
		82AABC091ABBF5590004306C /* Project object */ = {
			isa = PBXProject;
			attributes = {
				LastUpgradeCheck = 0610;
				ORGANIZATIONNAME = com.zsgj;
				TargetAttributes = {
					82AABC101ABBF5590004306C = {
						CreatedOnToolsVersion = 6.1.1;
						DevelopmentTeam = J6252C3SUQ;
					};
					82AABC231ABBF5590004306C = {
						CreatedOnToolsVersion = 6.1.1;
						DevelopmentTeam = J6252C3SUQ;
						TestTargetID = 82AABC101ABBF5590004306C;
					};
				};
			};
			buildConfigurationList = 82AABC0C1ABBF5590004306C /* Build configuration list for PBXProject "foodsecurity" */;
			compatibilityVersion = "Xcode 3.2";
			developmentRegion = English;
			hasScannedForEncodings = 0;
			knownRegions = (
				en,
				Base,
			);
			mainGroup = 82AABC081ABBF5590004306C;
			productRefGroup = 82AABC121ABBF5590004306C /* Products */;
			projectDirPath = "";
			projectRoot = "";
			targets = (
				82AABC101ABBF5590004306C /* foodsecurity */,
				82AABC231ABBF5590004306C /* foodsecurityTests */,
			);
		};
/* End PBXProject section */

/* Begin PBXResourcesBuildPhase section */
		82AABC0F1ABBF5590004306C /* Resources */ = {
			isa = PBXResourcesBuildPhase;
			buildActionMask = 2147483647;
			files = (
				824983EE1AC9270000912514 /* adviceViewController.xib in Resources */,
				82201BB91ABE9E1C004DA4E8 /* loginViewController.xib in Resources */,
				82AABC851ABC0EB60004306C /* communicateViewController.xib in Resources */,
				3B04F9331AC3A26200831F41 /* IQKeyboardManager.bundle in Resources */,
				824983F31AC9271C00912514 /* videoViewController.xib in Resources */,
				3BD581BC1ACD276E006A60F3 /* noticeDetailViewController.xib in Resources */,
				824983E91AC926BB00912514 /* noticeViewController.xib in Resources */,
				3B023A821ACE2FF9008E3ED4 /* ToAdviceViewController.xib in Resources */,
				3BD581B01ACD2085006A60F3 /* MJRefresh.bundle in Resources */,
				82AABC431ABC022E0004306C /* homeViewController.xib in Resources */,
			);
			runOnlyForDeploymentPostprocessing = 0;
		};
		82AABC221ABBF5590004306C /* Resources */ = {
			isa = PBXResourcesBuildPhase;
			buildActionMask = 2147483647;
			files = (
			);
			runOnlyForDeploymentPostprocessing = 0;
		};
/* End PBXResourcesBuildPhase section */

/* Begin PBXSourcesBuildPhase section */
		82AABC0D1ABBF5590004306C /* Sources */ = {
			isa = PBXSourcesBuildPhase;
			buildActionMask = 2147483647;
			files = (
				3BD581B31ACD2085006A60F3 /* MJRefreshFooterView.m in Sources */,
				824983DB1AC9108D00912514 /* cookBookModel.m in Sources */,
				3B04F9391AC3A26200831F41 /* NSArray+Sort.m in Sources */,
				82AABC841ABC0EB60004306C /* communicateViewController.m in Sources */,
				824983F21AC9271C00912514 /* videoViewController.m in Sources */,
				3B023A811ACE2FF9008E3ED4 /* ToAdviceViewController.m in Sources */,
				8264F75A1AC3E00C009F5C72 /* commonModel.m in Sources */,
				82201BB81ABE9E1C004DA4E8 /* loginViewController.m in Sources */,
				82519C0F1AC10781008422D2 /* menuView.m in Sources */,
				3B3C48051AC95694005C895D /* noticeListModel.m in Sources */,
				3B04F93B1AC3A26200831F41 /* UIView+IQKeyboardToolbar.m in Sources */,
				3BD581B61ACD2085006A60F3 /* UIScrollView+MJRefresh.m in Sources */,
				82AABC891ABC0ED10004306C /* cookbookViewController.m in Sources */,
				3B04F93C1AC3A26200831F41 /* UIWindow+Hierarchy.m in Sources */,
				824983ED1AC9270000912514 /* adviceViewController.m in Sources */,
				3B023A851ACE37FF008E3ED4 /* ToAdviceModel.m in Sources */,
				3B04F9351AC3A26200831F41 /* IQSegmentedNextPrevious.m in Sources */,
				3B04F9341AC3A26200831F41 /* IQKeyboardManager.m in Sources */,
				3BD581B21ACD2085006A60F3 /* MJRefreshConst.m in Sources */,
				82AABC1A1ABBF5590004306C /* AppDelegate.m in Sources */,
				3B023A8B1ACE6656008E3ED4 /* PrintObject.m in Sources */,
				3B04F9371AC3A26200831F41 /* IQTitleBarButtonItem.m in Sources */,
				3BD581BB1ACD276E006A60F3 /* noticeDetailViewController.m in Sources */,
				82AABC171ABBF5590004306C /* main.m in Sources */,
				3BD581BF1ACD3861006A60F3 /* DayCookBookModel.m in Sources */,
				82AABC481ABC02A30004306C /* commonNavigation.m in Sources */,
				82201BCC1ABFB69D004DA4E8 /* registOne.m in Sources */,
				82F645FF1AC29879004EB124 /* accountManager.m in Sources */,
				82201BBF1ABEBA75004DA4E8 /* API.m in Sources */,
				3BD5955B1ACA324700C56BD4 /* adviceModel.m in Sources */,
				3BD581B11ACD2085006A60F3 /* MJRefreshBaseView.m in Sources */,
				3B04F93A1AC3A26200831F41 /* UIView+Hierarchy.m in Sources */,
				3BD581B41ACD2085006A60F3 /* MJRefreshHeaderView.m in Sources */,
				824983E81AC926BB00912514 /* noticeViewController.m in Sources */,
				3B04F9381AC3A26200831F41 /* IQToolbar.m in Sources */,
				82201BC21ABFADF6004DA4E8 /* loginModel.m in Sources */,
				3BD581B71ACD2085006A60F3 /* UIView+MJExtension.m in Sources */,
				3BD581B51ACD2085006A60F3 /* UIScrollView+MJExtension.m in Sources */,
				82AABC421ABC022E0004306C /* homeViewController.m in Sources */,
				3BD5819E1ACCF67D006A60F3 /* NoticesModel.m in Sources */,
			);
			runOnlyForDeploymentPostprocessing = 0;
		};
		82AABC201ABBF5590004306C /* Sources */ = {
			isa = PBXSourcesBuildPhase;
			buildActionMask = 2147483647;
			files = (
				82AABC2B1ABBF5590004306C /* foodsecurityTests.m in Sources */,
			);
			runOnlyForDeploymentPostprocessing = 0;
		};
/* End PBXSourcesBuildPhase section */

/* Begin PBXTargetDependency section */
		82AABC261ABBF5590004306C /* PBXTargetDependency */ = {
			isa = PBXTargetDependency;
			target = 82AABC101ABBF5590004306C /* foodsecurity */;
			targetProxy = 82AABC251ABBF5590004306C /* PBXContainerItemProxy */;
		};
/* End PBXTargetDependency section */

/* Begin PBXVariantGroup section */
		82AABC1D1ABBF5590004306C /* LaunchScreen.xib */ = {
			isa = PBXVariantGroup;
			children = (
				82AABC1E1ABBF5590004306C /* Base */,
			);
			name = LaunchScreen.xib;
			sourceTree = "<group>";
		};
/* End PBXVariantGroup section */

/* Begin XCBuildConfiguration section */
		82AABC2C1ABBF5590004306C /* Debug */ = {
			isa = XCBuildConfiguration;
			buildSettings = {
				ALWAYS_SEARCH_USER_PATHS = NO;
				ARCHS = (
					Standard,
					"architectures(armv7,armv7s,arm64)",
				);
				CLANG_CXX_LANGUAGE_STANDARD = "gnu++0x";
				CLANG_CXX_LIBRARY = "libc++";
				CLANG_ENABLE_MODULES = YES;
				CLANG_ENABLE_OBJC_ARC = YES;
				CLANG_WARN_BOOL_CONVERSION = YES;
				CLANG_WARN_CONSTANT_CONVERSION = YES;
				CLANG_WARN_DIRECT_OBJC_ISA_USAGE = YES_ERROR;
				CLANG_WARN_EMPTY_BODY = YES;
				CLANG_WARN_ENUM_CONVERSION = YES;
				CLANG_WARN_INT_CONVERSION = YES;
				CLANG_WARN_OBJC_ROOT_CLASS = YES_ERROR;
				CLANG_WARN_UNREACHABLE_CODE = YES;
				CLANG_WARN__DUPLICATE_METHOD_MATCH = YES;
				CODE_SIGN_IDENTITY = "iPhone Developer: 惟一 王 (N77TUKS7NH)";
				"CODE_SIGN_IDENTITY[sdk=iphoneos*]" = "iPhone Developer: 惟一 王 (N77TUKS7NH)";
				COPY_PHASE_STRIP = NO;
				ENABLE_STRICT_OBJC_MSGSEND = NO;
				GCC_C_LANGUAGE_STANDARD = gnu99;
				GCC_DYNAMIC_NO_PIC = NO;
				GCC_OPTIMIZATION_LEVEL = 0;
				GCC_PREPROCESSOR_DEFINITIONS = (
					"DEBUG=1",
					"$(inherited)",
				);
				GCC_SYMBOLS_PRIVATE_EXTERN = NO;
				GCC_WARN_64_TO_32_BIT_CONVERSION = YES;
				GCC_WARN_ABOUT_RETURN_TYPE = YES_ERROR;
				GCC_WARN_UNDECLARED_SELECTOR = YES;
				GCC_WARN_UNINITIALIZED_AUTOS = YES_AGGRESSIVE;
				GCC_WARN_UNUSED_FUNCTION = YES;
				GCC_WARN_UNUSED_VARIABLE = YES;
				IPHONEOS_DEPLOYMENT_TARGET = 7.1;
				MTL_ENABLE_DEBUG_INFO = YES;
				ONLY_ACTIVE_ARCH = YES;
				PROVISIONING_PROFILE = "9c380daf-71d9-47a9-af02-1296844d0fa5";
				SDKROOT = iphoneos;
				VALID_ARCHS = "armv7 armv7s arm64";
			};
			name = Debug;
		};
		82AABC2D1ABBF5590004306C /* Release */ = {
			isa = XCBuildConfiguration;
			buildSettings = {
				ALWAYS_SEARCH_USER_PATHS = NO;
				ARCHS = (
					Standard,
					"architectures(armv7,armv7s,arm64)",
				);
				CLANG_CXX_LANGUAGE_STANDARD = "gnu++0x";
				CLANG_CXX_LIBRARY = "libc++";
				CLANG_ENABLE_MODULES = YES;
				CLANG_ENABLE_OBJC_ARC = YES;
				CLANG_WARN_BOOL_CONVERSION = YES;
				CLANG_WARN_CONSTANT_CONVERSION = YES;
				CLANG_WARN_DIRECT_OBJC_ISA_USAGE = YES_ERROR;
				CLANG_WARN_EMPTY_BODY = YES;
				CLANG_WARN_ENUM_CONVERSION = YES;
				CLANG_WARN_INT_CONVERSION = YES;
				CLANG_WARN_OBJC_ROOT_CLASS = YES_ERROR;
				CLANG_WARN_UNREACHABLE_CODE = YES;
				CLANG_WARN__DUPLICATE_METHOD_MATCH = YES;
				"CODE_SIGN_IDENTITY[sdk=iphoneos*]" = "iPhone Developer";
				COPY_PHASE_STRIP = YES;
				ENABLE_NS_ASSERTIONS = NO;
				ENABLE_STRICT_OBJC_MSGSEND = NO;
				GCC_C_LANGUAGE_STANDARD = gnu99;
				GCC_WARN_64_TO_32_BIT_CONVERSION = YES;
				GCC_WARN_ABOUT_RETURN_TYPE = YES_ERROR;
				GCC_WARN_UNDECLARED_SELECTOR = YES;
				GCC_WARN_UNINITIALIZED_AUTOS = YES_AGGRESSIVE;
				GCC_WARN_UNUSED_FUNCTION = YES;
				GCC_WARN_UNUSED_VARIABLE = YES;
				IPHONEOS_DEPLOYMENT_TARGET = 7.1;
				MTL_ENABLE_DEBUG_INFO = NO;
				ONLY_ACTIVE_ARCH = NO;
				PROVISIONING_PROFILE = "9c380daf-71d9-47a9-af02-1296844d0fa5";
				SDKROOT = iphoneos;
				VALIDATE_PRODUCT = YES;
				VALID_ARCHS = "armv7 armv7s arm64";
			};
			name = Release;
		};
		82AABC2F1ABBF5590004306C /* Debug */ = {
			isa = XCBuildConfiguration;
			buildSettings = {
				ALWAYS_SEARCH_USER_PATHS = NO;
				ARCHS = "$(ARCHS_STANDARD)";
				ASSETCATALOG_COMPILER_APPICON_NAME = AppIcon;
				CODE_SIGN_IDENTITY = "iPhone Developer: 惟一 王 (N77TUKS7NH)";
				"CODE_SIGN_IDENTITY[sdk=iphoneos*]" = "iPhone Developer: 惟一 王 (N77TUKS7NH)";
				INFOPLIST_FILE = foodsecurity/Info.plist;
				IPHONEOS_DEPLOYMENT_TARGET = 6.1;
				LD_RUNPATH_SEARCH_PATHS = "$(inherited) @executable_path/Frameworks";
				LIBRARY_SEARCH_PATHS = (
					"$(inherited)",
					"$(PROJECT_DIR)/foodsecurity/Classes/Libs/SDK",
					"$(PROJECT_DIR)/foodsecurity/Classes/Libs/lib",
				);
				ONLY_ACTIVE_ARCH = YES;
				OTHER_LDFLAGS = "-ObjC";
				PRODUCT_NAME = "$(TARGET_NAME)";
				PROVISIONING_PROFILE = "9c380daf-71d9-47a9-af02-1296844d0fa5";
				SDKROOT = iphoneos;
				VALID_ARCHS = "armv7 armv7s arm64";
			};
			name = Debug;
		};
		82AABC301ABBF5590004306C /* Release */ = {
			isa = XCBuildConfiguration;
			buildSettings = {
				ALWAYS_SEARCH_USER_PATHS = NO;
				ARCHS = "$(ARCHS_STANDARD)";
				ASSETCATALOG_COMPILER_APPICON_NAME = AppIcon;
				CODE_SIGN_IDENTITY = "iPhone Developer: 惟一 王 (N77TUKS7NH)";
				"CODE_SIGN_IDENTITY[sdk=iphoneos*]" = "";
				INFOPLIST_FILE = foodsecurity/Info.plist;
				IPHONEOS_DEPLOYMENT_TARGET = 6.1;
				LD_RUNPATH_SEARCH_PATHS = "$(inherited) @executable_path/Frameworks";
				LIBRARY_SEARCH_PATHS = (
					"$(inherited)",
					"$(PROJECT_DIR)/foodsecurity/Classes/Libs/SDK",
					"$(PROJECT_DIR)/foodsecurity/Classes/Libs/lib",
				);
				ONLY_ACTIVE_ARCH = NO;
				OTHER_LDFLAGS = "-ObjC";
				PRODUCT_NAME = "$(TARGET_NAME)";
				PROVISIONING_PROFILE = "9c380daf-71d9-47a9-af02-1296844d0fa5";
				SDKROOT = iphoneos;
				VALID_ARCHS = "armv7 armv7s arm64";
			};
			name = Release;
		};
		82AABC321ABBF5590004306C /* Debug */ = {
			isa = XCBuildConfiguration;
			buildSettings = {
				ARCHS = "$(ARCHS_STANDARD)";
				BUNDLE_LOADER = "$(TEST_HOST)";
				CODE_SIGN_IDENTITY = "iPhone Developer";
				"CODE_SIGN_IDENTITY[sdk=iphoneos*]" = "iPhone Developer";
				FRAMEWORK_SEARCH_PATHS = (
					"$(SDKROOT)/Developer/Library/Frameworks",
					"$(inherited)",
				);
				GCC_PREPROCESSOR_DEFINITIONS = (
					"DEBUG=1",
					"$(inherited)",
				);
				INFOPLIST_FILE = foodsecurityTests/Info.plist;
				LD_RUNPATH_SEARCH_PATHS = "$(inherited) @executable_path/Frameworks @loader_path/Frameworks";
				PRODUCT_NAME = "$(TARGET_NAME)";
				PROVISIONING_PROFILE = "";
				TEST_HOST = "$(BUILT_PRODUCTS_DIR)/foodsecurity.app/foodsecurity";
				VALID_ARCHS = "armv7 armv7s arm64";
			};
			name = Debug;
		};
		82AABC331ABBF5590004306C /* Release */ = {
			isa = XCBuildConfiguration;
			buildSettings = {
				ARCHS = "$(ARCHS_STANDARD)";
				BUNDLE_LOADER = "$(TEST_HOST)";
				CODE_SIGN_IDENTITY = "iPhone Developer";
				"CODE_SIGN_IDENTITY[sdk=iphoneos*]" = "iPhone Developer";
				FRAMEWORK_SEARCH_PATHS = (
					"$(SDKROOT)/Developer/Library/Frameworks",
					"$(inherited)",
				);
				INFOPLIST_FILE = foodsecurityTests/Info.plist;
				LD_RUNPATH_SEARCH_PATHS = "$(inherited) @executable_path/Frameworks @loader_path/Frameworks";
				PRODUCT_NAME = "$(TARGET_NAME)";
				PROVISIONING_PROFILE = "";
				TEST_HOST = "$(BUILT_PRODUCTS_DIR)/foodsecurity.app/foodsecurity";
				VALID_ARCHS = "armv7 armv7s arm64";
			};
			name = Release;
		};
/* End XCBuildConfiguration section */

/* Begin XCConfigurationList section */
		82AABC0C1ABBF5590004306C /* Build configuration list for PBXProject "foodsecurity" */ = {
			isa = XCConfigurationList;
			buildConfigurations = (
				82AABC2C1ABBF5590004306C /* Debug */,
				82AABC2D1ABBF5590004306C /* Release */,
			);
			defaultConfigurationIsVisible = 0;
			defaultConfigurationName = Release;
		};
		82AABC2E1ABBF5590004306C /* Build configuration list for PBXNativeTarget "foodsecurity" */ = {
			isa = XCConfigurationList;
			buildConfigurations = (
				82AABC2F1ABBF5590004306C /* Debug */,
				82AABC301ABBF5590004306C /* Release */,
			);
			defaultConfigurationIsVisible = 0;
			defaultConfigurationName = Release;
		};
		82AABC311ABBF5590004306C /* Build configuration list for PBXNativeTarget "foodsecurityTests" */ = {
			isa = XCConfigurationList;
			buildConfigurations = (
				82AABC321ABBF5590004306C /* Debug */,
				82AABC331ABBF5590004306C /* Release */,
			);
			defaultConfigurationIsVisible = 0;
			defaultConfigurationName = Release;
		};
/* End XCConfigurationList section */
	};
	rootObject = 82AABC091ABBF5590004306C /* Project object */;
}
